// !$*UTF8*$!
{
	archiveVersion = 1;
	classes = {
	};
	objectVersion = 56;
	objects = {

/* Begin PBXBuildFile section */
		F9C3D4CC2AA6B7B6006931FF /* AppDelegate.swift in Sources */ = {isa = PBXBuildFile; fileRef = F9C3D4CB2AA6B7B6006931FF /* AppDelegate.swift */; };
		F9C3D4CE2AA6B7B6006931FF /* SceneDelegate.swift in Sources */ = {isa = PBXBuildFile; fileRef = F9C3D4CD2AA6B7B6006931FF /* SceneDelegate.swift */; };
		F9C3D4D02AA6B7B6006931FF /* ViewController.swift in Sources */ = {isa = PBXBuildFile; fileRef = F9C3D4CF2AA6B7B6006931FF /* ViewController.swift */; };
		F9C3D4D32AA6B7B6006931FF /* Main.storyboard in Resources */ = {isa = PBXBuildFile; fileRef = F9C3D4D12AA6B7B6006931FF /* Main.storyboard */; };
		F9C3D4D52AA6B7B7006931FF /* Assets.xcassets in Resources */ = {isa = PBXBuildFile; fileRef = F9C3D4D42AA6B7B7006931FF /* Assets.xcassets */; };
		F9C3D4D82AA6B7B7006931FF /* LaunchScreen.storyboard in Resources */ = {isa = PBXBuildFile; fileRef = F9C3D4D62AA6B7B7006931FF /* LaunchScreen.storyboard */; };
/* End PBXBuildFile section */

/* Begin PBXFileReference section */
		F9C3D4C82AA6B7B6006931FF /* DD-iOS.app */ = {isa = PBXFileReference; explicitFileType = wrapper.application; includeInIndex = 0; path = "DD-iOS.app"; sourceTree = BUILT_PRODUCTS_DIR; };
		F9C3D4CB2AA6B7B6006931FF /* AppDelegate.swift */ = {isa = PBXFileReference; lastKnownFileType = sourcecode.swift; path = AppDelegate.swift; sourceTree = "<group>"; };
		F9C3D4CD2AA6B7B6006931FF /* SceneDelegate.swift */ = {isa = PBXFileReference; lastKnownFileType = sourcecode.swift; path = SceneDelegate.swift; sourceTree = "<group>"; };
		F9C3D4CF2AA6B7B6006931FF /* ViewController.swift */ = {isa = PBXFileReference; lastKnownFileType = sourcecode.swift; path = ViewController.swift; sourceTree = "<group>"; };
		F9C3D4D22AA6B7B6006931FF /* Base */ = {isa = PBXFileReference; lastKnownFileType = file.storyboard; name = Base; path = Base.lproj/Main.storyboard; sourceTree = "<group>"; };
		F9C3D4D42AA6B7B7006931FF /* Assets.xcassets */ = {isa = PBXFileReference; lastKnownFileType = folder.assetcatalog; path = Assets.xcassets; sourceTree = "<group>"; };
		F9C3D4D72AA6B7B7006931FF /* Base */ = {isa = PBXFileReference; lastKnownFileType = file.storyboard; name = Base; path = Base.lproj/LaunchScreen.storyboard; sourceTree = "<group>"; };
		F9C3D4D92AA6B7B7006931FF /* Info.plist */ = {isa = PBXFileReference; lastKnownFileType = text.plist.xml; path = Info.plist; sourceTree = "<group>"; };
/* End PBXFileReference section */

/* Begin PBXFrameworksBuildPhase section */
		F9C3D4C52AA6B7B6006931FF /* Frameworks */ = {
			isa = PBXFrameworksBuildPhase;
			buildActionMask = 2147483647;
			files = (
			);
			runOnlyForDeploymentPostprocessing = 0;
		};
/* End PBXFrameworksBuildPhase section */

/* Begin PBXGroup section */
		F9C3D4BF2AA6B7B6006931FF = {
			isa = PBXGroup;
			children = (
				F9C3D4CA2AA6B7B6006931FF /* DD-iOS */,
				F9C3D4C92AA6B7B6006931FF /* Products */,
			);
			sourceTree = "<group>";
		};
		F9C3D4C92AA6B7B6006931FF /* Products */ = {
			isa = PBXGroup;
			children = (
				F9C3D4C82AA6B7B6006931FF /* DD-iOS.app */,
			);
			name = Products;
			sourceTree = "<group>";
		};
		F9C3D4CA2AA6B7B6006931FF /* DD-iOS */ = {
			isa = PBXGroup;
			children = (
				F9C3D4DF2AA6B83C006931FF /* Models */,
				F9C3D4E02AA6B843006931FF /* View */,
				F9C3D4E12AA6B84A006931FF /* Controller */,
				F9C3D4D42AA6B7B7006931FF /* Assets.xcassets */,
				F9C3D4D92AA6B7B7006931FF /* Info.plist */,
			);
			path = "DD-iOS";
			sourceTree = "<group>";
		};
		F9C3D4DF2AA6B83C006931FF /* Models */ = {
			isa = PBXGroup;
			children = (
			);
			path = Models;
			sourceTree = "<group>";
		};
		F9C3D4E02AA6B843006931FF /* View */ = {
			isa = PBXGroup;
			children = (
				F9C3D4E22AA6B999006931FF /* Home */,
				F9C3D4E32AA6B9A0006931FF /* Diary */,
				F9C3D4E42AA6B9A7006931FF /* Community */,
				F9C3D4E52AA6B9B9006931FF /* Mypage */,
				F9C3D4D62AA6B7B7006931FF /* LaunchScreen.storyboard */,
				F9C3D4D12AA6B7B6006931FF /* Main.storyboard */,
			);
			path = View;
			sourceTree = "<group>";
		};
		F9C3D4E12AA6B84A006931FF /* Controller */ = {
			isa = PBXGroup;
			children = (
				F9C3D4E62AA6B9E9006931FF /* Home */,
				F9C3D4E72AA6B9F1006931FF /* Diary */,
				F9C3D4E82AA6B9FA006931FF /* Community */,
				F9C3D4E92AA6BA01006931FF /* Mypage */,
				F9C3D4CF2AA6B7B6006931FF /* ViewController.swift */,
				F9C3D4CB2AA6B7B6006931FF /* AppDelegate.swift */,
				F9C3D4CD2AA6B7B6006931FF /* SceneDelegate.swift */,
			);
			path = Controller;
			sourceTree = "<group>";
		};
		F9C3D4E22AA6B999006931FF /* Home */ = {
			isa = PBXGroup;
			children = (
			);
			path = Home;
			sourceTree = "<group>";
		};
		F9C3D4E32AA6B9A0006931FF /* Diary */ = {
			isa = PBXGroup;
			children = (
			);
			path = Diary;
			sourceTree = "<group>";
		};
		F9C3D4E42AA6B9A7006931FF /* Community */ = {
			isa = PBXGroup;
			children = (
			);
			path = Community;
			sourceTree = "<group>";
		};
		F9C3D4E52AA6B9B9006931FF /* Mypage */ = {
			isa = PBXGroup;
			children = (
			);
			path = Mypage;
			sourceTree = "<group>";
		};
		F9C3D4E62AA6B9E9006931FF /* Home */ = {
			isa = PBXGroup;
			children = (
			);
			path = Home;
			sourceTree = "<group>";
		};
		F9C3D4E72AA6B9F1006931FF /* Diary */ = {
			isa = PBXGroup;
			children = (
			);
			path = Diary;
			sourceTree = "<group>";
		};
		F9C3D4E82AA6B9FA006931FF /* Community */ = {
			isa = PBXGroup;
			children = (
			);
			path = Community;
			sourceTree = "<group>";
		};
		F9C3D4E92AA6BA01006931FF /* Mypage */ = {
			isa = PBXGroup;
			children = (
			);
			path = Mypage;
			sourceTree = "<group>";
		};
/* End PBXGroup section */

/* Begin PBXNativeTarget section */
		F9C3D4C72AA6B7B6006931FF /* DD-iOS */ = {
			isa = PBXNativeTarget;
			buildConfigurationList = F9C3D4DC2AA6B7B7006931FF /* Build configuration list for PBXNativeTarget "DD-iOS" */;
			buildPhases = (
				F9C3D4C42AA6B7B6006931FF /* Sources */,
				F9C3D4C52AA6B7B6006931FF /* Frameworks */,
				F9C3D4C62AA6B7B6006931FF /* Resources */,
			);
			buildRules = (
			);
			dependencies = (
			);
			name = "DD-iOS";
			productName = "DD-iOS";
			productReference = F9C3D4C82AA6B7B6006931FF /* DD-iOS.app */;
			productType = "com.apple.product-type.application";
		};
/* End PBXNativeTarget section */

/* Begin PBXProject section */
		F9C3D4C02AA6B7B6006931FF /* Project object */ = {
			isa = PBXProject;
			attributes = {
				BuildIndependentTargetsInParallel = 1;
				LastSwiftUpdateCheck = 1430;
				LastUpgradeCheck = 1430;
				TargetAttributes = {
					F9C3D4C72AA6B7B6006931FF = {
						CreatedOnToolsVersion = 14.3.1;
					};
				};
			};
			buildConfigurationList = F9C3D4C32AA6B7B6006931FF /* Build configuration list for PBXProject "DD-iOS" */;
			compatibilityVersion = "Xcode 14.0";
			developmentRegion = en;
			hasScannedForEncodings = 0;
			knownRegions = (
				en,
				Base,
			);
			mainGroup = F9C3D4BF2AA6B7B6006931FF;
			productRefGroup = F9C3D4C92AA6B7B6006931FF /* Products */;
			projectDirPath = "";
			projectRoot = "";
			targets = (
				F9C3D4C72AA6B7B6006931FF /* DD-iOS */,
			);
		};
/* End PBXProject section */

/* Begin PBXResourcesBuildPhase section */
		F9C3D4C62AA6B7B6006931FF /* Resources */ = {
			isa = PBXResourcesBuildPhase;
			buildActionMask = 2147483647;
			files = (
				F9C3D4D82AA6B7B7006931FF /* LaunchScreen.storyboard in Resources */,
				F9C3D4D52AA6B7B7006931FF /* Assets.xcassets in Resources */,
				F9C3D4D32AA6B7B6006931FF /* Main.storyboard in Resources */,
			);
			runOnlyForDeploymentPostprocessing = 0;
		};
/* End PBXResourcesBuildPhase section */

/* Begin PBXSourcesBuildPhase section */
		F9C3D4C42AA6B7B6006931FF /* Sources */ = {
			isa = PBXSourcesBuildPhase;
			buildActionMask = 2147483647;
			files = (
				F9C3D4D02AA6B7B6006931FF /* ViewController.swift in Sources */,
				F9C3D4CC2AA6B7B6006931FF /* AppDelegate.swift in Sources */,
				F9C3D4CE2AA6B7B6006931FF /* SceneDelegate.swift in Sources */,
			);
			runOnlyForDeploymentPostprocessing = 0;
		};
/* End PBXSourcesBuildPhase section */

/* Begin PBXVariantGroup section */
		F9C3D4D12AA6B7B6006931FF /* Main.storyboard */ = {
			isa = PBXVariantGroup;
			children = (
				F9C3D4D22AA6B7B6006931FF /* Base */,
			);
			name = Main.storyboard;
			sourceTree = "<group>";
		};
		F9C3D4D62AA6B7B7006931FF /* LaunchScreen.storyboard */ = {
			isa = PBXVariantGroup;
			children = (
				F9C3D4D72AA6B7B7006931FF /* Base */,
			);
			name = LaunchScreen.storyboard;
			sourceTree = "<group>";
		};
/* End PBXVariantGroup section */

/* Begin XCBuildConfiguration section */
		F9C3D4DA2AA6B7B7006931FF /* Debug */ = {
			isa = XCBuildConfiguration;
			buildSettings = {
				ALWAYS_SEARCH_USER_PATHS = NO;
				CLANG_ANALYZER_NONNULL = YES;
				CLANG_ANALYZER_NUMBER_OBJECT_CONVERSION = YES_AGGRESSIVE;
				CLANG_CXX_LANGUAGE_STANDARD = "gnu++20";
				CLANG_ENABLE_MODULES = YES;
				CLANG_ENABLE_OBJC_ARC = YES;
				CLANG_ENABLE_OBJC_WEAK = YES;
				CLANG_WARN_BLOCK_CAPTURE_AUTORELEASING = YES;
				CLANG_WARN_BOOL_CONVERSION = YES;
				CLANG_WARN_COMMA = YES;
				CLANG_WARN_CONSTANT_CONVERSION = YES;
				CLANG_WARN_DEPRECATED_OBJC_IMPLEMENTATIONS = YES;
				CLANG_WARN_DIRECT_OBJC_ISA_USAGE = YES_ERROR;
				CLANG_WARN_DOCUMENTATION_COMMENTS = YES;
				CLANG_WARN_EMPTY_BODY = YES;
				CLANG_WARN_ENUM_CONVERSION = YES;
				CLANG_WARN_INFINITE_RECURSION = YES;
				CLANG_WARN_INT_CONVERSION = YES;
				CLANG_WARN_NON_LITERAL_NULL_CONVERSION = YES;
				CLANG_WARN_OBJC_IMPLICIT_RETAIN_SELF = YES;
				CLANG_WARN_OBJC_LITERAL_CONVERSION = YES;
				CLANG_WARN_OBJC_ROOT_CLASS = YES_ERROR;
				CLANG_WARN_QUOTED_INCLUDE_IN_FRAMEWORK_HEADER = YES;
				CLANG_WARN_RANGE_LOOP_ANALYSIS = YES;
				CLANG_WARN_STRICT_PROTOTYPES = YES;
				CLANG_WARN_SUSPICIOUS_MOVE = YES;
				CLANG_WARN_UNGUARDED_AVAILABILITY = YES_AGGRESSIVE;
				CLANG_WARN_UNREACHABLE_CODE = YES;
				CLANG_WARN__DUPLICATE_METHOD_MATCH = YES;
				COPY_PHASE_STRIP = NO;
				DEBUG_INFORMATION_FORMAT = dwarf;
				ENABLE_STRICT_OBJC_MSGSEND = YES;
				ENABLE_TESTABILITY = YES;
				GCC_C_LANGUAGE_STANDARD = gnu11;
				GCC_DYNAMIC_NO_PIC = NO;
				GCC_NO_COMMON_BLOCKS = YES;
				GCC_OPTIMIZATION_LEVEL = 0;
				GCC_PREPROCESSOR_DEFINITIONS = (
					"DEBUG=1",
					"$(inherited)",
				);
				GCC_WARN_64_TO_32_BIT_CONVERSION = YES;
				GCC_WARN_ABOUT_RETURN_TYPE = YES_ERROR;
				GCC_WARN_UNDECLARED_SELECTOR = YES;
				GCC_WARN_UNINITIALIZED_AUTOS = YES_AGGRESSIVE;
				GCC_WARN_UNUSED_FUNCTION = YES;
				GCC_WARN_UNUSED_VARIABLE = YES;
				IPHONEOS_DEPLOYMENT_TARGET = 15;
				MTL_ENABLE_DEBUG_INFO = INCLUDE_SOURCE;
				MTL_FAST_MATH = YES;
				ONLY_ACTIVE_ARCH = YES;
				SDKROOT = iphoneos;
				SWIFT_ACTIVE_COMPILATION_CONDITIONS = DEBUG;
				SWIFT_OPTIMIZATION_LEVEL = "-Onone";
			};
			name = Debug;
		};
		F9C3D4DB2AA6B7B7006931FF /* Release */ = {
			isa = XCBuildConfiguration;
			buildSettings = {
				ALWAYS_SEARCH_USER_PATHS = NO;
				CLANG_ANALYZER_NONNULL = YES;
				CLANG_ANALYZER_NUMBER_OBJECT_CONVERSION = YES_AGGRESSIVE;
				CLANG_CXX_LANGUAGE_STANDARD = "gnu++20";
				CLANG_ENABLE_MODULES = YES;
				CLANG_ENABLE_OBJC_ARC = YES;
				CLANG_ENABLE_OBJC_WEAK = YES;
				CLANG_WARN_BLOCK_CAPTURE_AUTORELEASING = YES;
				CLANG_WARN_BOOL_CONVERSION = YES;
				CLANG_WARN_COMMA = YES;
				CLANG_WARN_CONSTANT_CONVERSION = YES;
				CLANG_WARN_DEPRECATED_OBJC_IMPLEMENTATIONS = YES;
				CLANG_WARN_DIRECT_OBJC_ISA_USAGE = YES_ERROR;
				CLANG_WARN_DOCUMENTATION_COMMENTS = YES;
				CLANG_WARN_EMPTY_BODY = YES;
				CLANG_WARN_ENUM_CONVERSION = YES;
				CLANG_WARN_INFINITE_RECURSION = YES;
				CLANG_WARN_INT_CONVERSION = YES;
				CLANG_WARN_NON_LITERAL_NULL_CONVERSION = YES;
				CLANG_WARN_OBJC_IMPLICIT_RETAIN_SELF = YES;
				CLANG_WARN_OBJC_LITERAL_CONVERSION = YES;
				CLANG_WARN_OBJC_ROOT_CLASS = YES_ERROR;
				CLANG_WARN_QUOTED_INCLUDE_IN_FRAMEWORK_HEADER = YES;
				CLANG_WARN_RANGE_LOOP_ANALYSIS = YES;
				CLANG_WARN_STRICT_PROTOTYPES = YES;
				CLANG_WARN_SUSPICIOUS_MOVE = YES;
				CLANG_WARN_UNGUARDED_AVAILABILITY = YES_AGGRESSIVE;
				CLANG_WARN_UNREACHABLE_CODE = YES;
				CLANG_WARN__DUPLICATE_METHOD_MATCH = YES;
				COPY_PHASE_STRIP = NO;
				DEBUG_INFORMATION_FORMAT = "dwarf-with-dsym";
				ENABLE_NS_ASSERTIONS = NO;
				ENABLE_STRICT_OBJC_MSGSEND = YES;
				GCC_C_LANGUAGE_STANDARD = gnu11;
				GCC_NO_COMMON_BLOCKS = YES;
				GCC_WARN_64_TO_32_BIT_CONVERSION = YES;
				GCC_WARN_ABOUT_RETURN_TYPE = YES_ERROR;
				GCC_WARN_UNDECLARED_SELECTOR = YES;
				GCC_WARN_UNINITIALIZED_AUTOS = YES_AGGRESSIVE;
				GCC_WARN_UNUSED_FUNCTION = YES;
				GCC_WARN_UNUSED_VARIABLE = YES;
				IPHONEOS_DEPLOYMENT_TARGET = 15;
				MTL_ENABLE_DEBUG_INFO = NO;
				MTL_FAST_MATH = YES;
				SDKROOT = iphoneos;
				SWIFT_COMPILATION_MODE = wholemodule;
				SWIFT_OPTIMIZATION_LEVEL = "-O";
				VALIDATE_PRODUCT = YES;
			};
			name = Release;
		};
		F9C3D4DD2AA6B7B7006931FF /* Debug */ = {
			isa = XCBuildConfiguration;
			buildSettings = {
				ASSETCATALOG_COMPILER_APPICON_NAME = AppIcon;
				ASSETCATALOG_COMPILER_GLOBAL_ACCENT_COLOR_NAME = AccentColor;
				CODE_SIGN_STYLE = Automatic;
				CURRENT_PROJECT_VERSION = 1;
				GENERATE_INFOPLIST_FILE = YES;
				INFOPLIST_FILE = "DD-iOS/Info.plist";
				INFOPLIST_KEY_UIApplicationSupportsIndirectInputEvents = YES;
				INFOPLIST_KEY_UILaunchStoryboardName = LaunchScreen;
				INFOPLIST_KEY_UIMainStoryboardFile = Main;
				INFOPLIST_KEY_UISupportedInterfaceOrientations_iPad = "UIInterfaceOrientationPortrait UIInterfaceOrientationPortraitUpsideDown UIInterfaceOrientationLandscapeLeft UIInterfaceOrientationLandscapeRight";
				INFOPLIST_KEY_UISupportedInterfaceOrientations_iPhone = "UIInterfaceOrientationPortrait UIInterfaceOrientationLandscapeLeft UIInterfaceOrientationLandscapeRight";
				LD_RUNPATH_SEARCH_PATHS = (
					"$(inherited)",
					"@executable_path/Frameworks",
				);
				MARKETING_VERSION = 1.0;
				PRODUCT_BUNDLE_IDENTIFIER = "com.dd.DD-iOS";
				PRODUCT_NAME = "$(TARGET_NAME)";
				SWIFT_EMIT_LOC_STRINGS = YES;
				SWIFT_VERSION = 5.0;
				TARGETED_DEVICE_FAMILY = "1,2";
			};
			name = Debug;
		};
		F9C3D4DE2AA6B7B7006931FF /* Release */ = {
			isa = XCBuildConfiguration;
			buildSettings = {
				ASSETCATALOG_COMPILER_APPICON_NAME = AppIcon;
				ASSETCATALOG_COMPILER_GLOBAL_ACCENT_COLOR_NAME = AccentColor;
				CODE_SIGN_STYLE = Automatic;
				CURRENT_PROJECT_VERSION = 1;
				GENERATE_INFOPLIST_FILE = YES;
				INFOPLIST_FILE = "DD-iOS/Info.plist";
				INFOPLIST_KEY_UIApplicationSupportsIndirectInputEvents = YES;
				INFOPLIST_KEY_UILaunchStoryboardName = LaunchScreen;
				INFOPLIST_KEY_UIMainStoryboardFile = Main;
				INFOPLIST_KEY_UISupportedInterfaceOrientations_iPad = "UIInterfaceOrientationPortrait UIInterfaceOrientationPortraitUpsideDown UIInterfaceOrientationLandscapeLeft UIInterfaceOrientationLandscapeRight";
				INFOPLIST_KEY_UISupportedInterfaceOrientations_iPhone = "UIInterfaceOrientationPortrait UIInterfaceOrientationLandscapeLeft UIInterfaceOrientationLandscapeRight";
				LD_RUNPATH_SEARCH_PATHS = (
					"$(inherited)",
					"@executable_path/Frameworks",
				);
				MARKETING_VERSION = 1.0;
				PRODUCT_BUNDLE_IDENTIFIER = "com.dd.DD-iOS";
				PRODUCT_NAME = "$(TARGET_NAME)";
				SWIFT_EMIT_LOC_STRINGS = YES;
				SWIFT_VERSION = 5.0;
				TARGETED_DEVICE_FAMILY = "1,2";
			};
			name = Release;
		};
/* End XCBuildConfiguration section */

/* Begin XCConfigurationList section */
		F9C3D4C32AA6B7B6006931FF /* Build configuration list for PBXProject "DD-iOS" */ = {
			isa = XCConfigurationList;
			buildConfigurations = (
				F9C3D4DA2AA6B7B7006931FF /* Debug */,
				F9C3D4DB2AA6B7B7006931FF /* Release */,
			);
			defaultConfigurationIsVisible = 0;
			defaultConfigurationName = Release;
		};
		F9C3D4DC2AA6B7B7006931FF /* Build configuration list for PBXNativeTarget "DD-iOS" */ = {
			isa = XCConfigurationList;
			buildConfigurations = (
				F9C3D4DD2AA6B7B7006931FF /* Debug */,
				F9C3D4DE2AA6B7B7006931FF /* Release */,
			);
			defaultConfigurationIsVisible = 0;
			defaultConfigurationName = Release;
		};
/* End XCConfigurationList section */
	};
	rootObject = F9C3D4C02AA6B7B6006931FF /* Project object */;
}
