// !$*UTF8*$!
{
	archiveVersion = 1;
	classes = {
	};
	objectVersion = 56;
	objects = {

/* Begin PBXBuildFile section */
		269BE0802AA981A1007059D0 /* UsersHome.storyboard in Resources */ = {isa = PBXBuildFile; fileRef = 269BE07F2AA981A1007059D0 /* UsersHome.storyboard */; };
		269BE0822AA981AE007059D0 /* UsersHomeViewController.swift in Sources */ = {isa = PBXBuildFile; fileRef = 269BE0812AA981AE007059D0 /* UsersHomeViewController.swift */; };
		26CDB8562AA9FAE900D66C47 /* MainViewController.swift in Sources */ = {isa = PBXBuildFile; fileRef = 26CDB8552AA9FAE900D66C47 /* MainViewController.swift */; };
		26CDB85D2AA9FEA500D66C47 /* KindergartensMyPageViewController.swift in Sources */ = {isa = PBXBuildFile; fileRef = 26CDB85C2AA9FEA500D66C47 /* KindergartensMyPageViewController.swift */; };
		26CDB85F2AA9FEC400D66C47 /* KindergartensCommunityViewController.swift in Sources */ = {isa = PBXBuildFile; fileRef = 26CDB85E2AA9FEC400D66C47 /* KindergartensCommunityViewController.swift */; };
		26CDB8612AA9FEDA00D66C47 /* KindergartensDiaryViewController.swift in Sources */ = {isa = PBXBuildFile; fileRef = 26CDB8602AA9FEDA00D66C47 /* KindergartensDiaryViewController.swift */; };
		26CDB8632AA9FF3400D66C47 /* KindergartensHomeViewController.swift in Sources */ = {isa = PBXBuildFile; fileRef = 26CDB8622AA9FF3400D66C47 /* KindergartensHomeViewController.swift */; };
		26CDB8652AA9FF5D00D66C47 /* KindergartensMyPage.storyboard in Resources */ = {isa = PBXBuildFile; fileRef = 26CDB8642AA9FF5D00D66C47 /* KindergartensMyPage.storyboard */; };
		26CDB8672AA9FF6F00D66C47 /* KindergartensCommunity.storyboard in Resources */ = {isa = PBXBuildFile; fileRef = 26CDB8662AA9FF6F00D66C47 /* KindergartensCommunity.storyboard */; };
		26CDB8692AA9FF8000D66C47 /* KindergartensDiary.storyboard in Resources */ = {isa = PBXBuildFile; fileRef = 26CDB8682AA9FF8000D66C47 /* KindergartensDiary.storyboard */; };
		26CDB86B2AA9FF9F00D66C47 /* KindergartensHome.storyboard in Resources */ = {isa = PBXBuildFile; fileRef = 26CDB86A2AA9FF9F00D66C47 /* KindergartensHome.storyboard */; };
		26F0D5372AA977F900DF335B /* UsersDiary.storyboard in Resources */ = {isa = PBXBuildFile; fileRef = 26F0D5362AA977F900DF335B /* UsersDiary.storyboard */; };
		26F0D5392AA9780D00DF335B /* UsersCommunity.storyboard in Resources */ = {isa = PBXBuildFile; fileRef = 26F0D5382AA9780D00DF335B /* UsersCommunity.storyboard */; };
		26F0D53B2AA9782800DF335B /* UsersMyPage.storyboard in Resources */ = {isa = PBXBuildFile; fileRef = 26F0D53A2AA9782800DF335B /* UsersMyPage.storyboard */; };
		26FBEEF72AA97C3B0017D6D1 /* UsersDiaryViewController.swift in Sources */ = {isa = PBXBuildFile; fileRef = 26FBEEF62AA97C3B0017D6D1 /* UsersDiaryViewController.swift */; };
		26FBEEF92AA97C480017D6D1 /* UsersCommunityViewController.swift in Sources */ = {isa = PBXBuildFile; fileRef = 26FBEEF82AA97C480017D6D1 /* UsersCommunityViewController.swift */; };
		26FBEEFB2AA97C510017D6D1 /* UsersMyPageViewController.swift in Sources */ = {isa = PBXBuildFile; fileRef = 26FBEEFA2AA97C510017D6D1 /* UsersMyPageViewController.swift */; };
		F9C3D4CC2AA6B7B6006931FF /* AppDelegate.swift in Sources */ = {isa = PBXBuildFile; fileRef = F9C3D4CB2AA6B7B6006931FF /* AppDelegate.swift */; };
		F9C3D4CE2AA6B7B6006931FF /* SceneDelegate.swift in Sources */ = {isa = PBXBuildFile; fileRef = F9C3D4CD2AA6B7B6006931FF /* SceneDelegate.swift */; };
		F9C3D4D32AA6B7B6006931FF /* Main.storyboard in Resources */ = {isa = PBXBuildFile; fileRef = F9C3D4D12AA6B7B6006931FF /* Main.storyboard */; };
		F9C3D4D52AA6B7B7006931FF /* Assets.xcassets in Resources */ = {isa = PBXBuildFile; fileRef = F9C3D4D42AA6B7B7006931FF /* Assets.xcassets */; };
		F9C3D4D82AA6B7B7006931FF /* LaunchScreen.storyboard in Resources */ = {isa = PBXBuildFile; fileRef = F9C3D4D62AA6B7B7006931FF /* LaunchScreen.storyboard */; };
/* End PBXBuildFile section */

/* Begin PBXFileReference section */
		269BE07F2AA981A1007059D0 /* UsersHome.storyboard */ = {isa = PBXFileReference; lastKnownFileType = file.storyboard; path = UsersHome.storyboard; sourceTree = "<group>"; };
		269BE0812AA981AE007059D0 /* UsersHomeViewController.swift */ = {isa = PBXFileReference; lastKnownFileType = sourcecode.swift; path = UsersHomeViewController.swift; sourceTree = "<group>"; };
		26CDB8552AA9FAE900D66C47 /* MainViewController.swift */ = {isa = PBXFileReference; lastKnownFileType = sourcecode.swift; path = MainViewController.swift; sourceTree = "<group>"; };
		26CDB85C2AA9FEA500D66C47 /* KindergartensMyPageViewController.swift */ = {isa = PBXFileReference; lastKnownFileType = sourcecode.swift; path = KindergartensMyPageViewController.swift; sourceTree = "<group>"; };
		26CDB85E2AA9FEC400D66C47 /* KindergartensCommunityViewController.swift */ = {isa = PBXFileReference; lastKnownFileType = sourcecode.swift; path = KindergartensCommunityViewController.swift; sourceTree = "<group>"; };
		26CDB8602AA9FEDA00D66C47 /* KindergartensDiaryViewController.swift */ = {isa = PBXFileReference; lastKnownFileType = sourcecode.swift; path = KindergartensDiaryViewController.swift; sourceTree = "<group>"; };
		26CDB8622AA9FF3400D66C47 /* KindergartensHomeViewController.swift */ = {isa = PBXFileReference; lastKnownFileType = sourcecode.swift; path = KindergartensHomeViewController.swift; sourceTree = "<group>"; };
		26CDB8642AA9FF5D00D66C47 /* KindergartensMyPage.storyboard */ = {isa = PBXFileReference; lastKnownFileType = file.storyboard; path = KindergartensMyPage.storyboard; sourceTree = "<group>"; };
		26CDB8662AA9FF6F00D66C47 /* KindergartensCommunity.storyboard */ = {isa = PBXFileReference; lastKnownFileType = file.storyboard; path = KindergartensCommunity.storyboard; sourceTree = "<group>"; };
		26CDB8682AA9FF8000D66C47 /* KindergartensDiary.storyboard */ = {isa = PBXFileReference; lastKnownFileType = file.storyboard; path = KindergartensDiary.storyboard; sourceTree = "<group>"; };
		26CDB86A2AA9FF9F00D66C47 /* KindergartensHome.storyboard */ = {isa = PBXFileReference; lastKnownFileType = file.storyboard; path = KindergartensHome.storyboard; sourceTree = "<group>"; };
		26F0D5362AA977F900DF335B /* UsersDiary.storyboard */ = {isa = PBXFileReference; lastKnownFileType = file.storyboard; path = UsersDiary.storyboard; sourceTree = "<group>"; };
		26F0D5382AA9780D00DF335B /* UsersCommunity.storyboard */ = {isa = PBXFileReference; lastKnownFileType = file.storyboard; path = UsersCommunity.storyboard; sourceTree = "<group>"; };
		26F0D53A2AA9782800DF335B /* UsersMyPage.storyboard */ = {isa = PBXFileReference; lastKnownFileType = file.storyboard; path = UsersMyPage.storyboard; sourceTree = "<group>"; };
		26FBEEF62AA97C3B0017D6D1 /* UsersDiaryViewController.swift */ = {isa = PBXFileReference; lastKnownFileType = sourcecode.swift; path = UsersDiaryViewController.swift; sourceTree = "<group>"; };
		26FBEEF82AA97C480017D6D1 /* UsersCommunityViewController.swift */ = {isa = PBXFileReference; lastKnownFileType = sourcecode.swift; path = UsersCommunityViewController.swift; sourceTree = "<group>"; };
		26FBEEFA2AA97C510017D6D1 /* UsersMyPageViewController.swift */ = {isa = PBXFileReference; lastKnownFileType = sourcecode.swift; path = UsersMyPageViewController.swift; sourceTree = "<group>"; };
		F9C3D4C82AA6B7B6006931FF /* DD-iOS.app */ = {isa = PBXFileReference; explicitFileType = wrapper.application; includeInIndex = 0; path = "DD-iOS.app"; sourceTree = BUILT_PRODUCTS_DIR; };
		F9C3D4CB2AA6B7B6006931FF /* AppDelegate.swift */ = {isa = PBXFileReference; lastKnownFileType = sourcecode.swift; path = AppDelegate.swift; sourceTree = "<group>"; };
		F9C3D4CD2AA6B7B6006931FF /* SceneDelegate.swift */ = {isa = PBXFileReference; lastKnownFileType = sourcecode.swift; path = SceneDelegate.swift; sourceTree = "<group>"; };
		F9C3D4D22AA6B7B6006931FF /* Base */ = {isa = PBXFileReference; lastKnownFileType = file.storyboard; name = Base; path = Base.lproj/Main.storyboard; sourceTree = "<group>"; };
		F9C3D4D42AA6B7B7006931FF /* Assets.xcassets */ = {isa = PBXFileReference; lastKnownFileType = folder.assetcatalog; path = Assets.xcassets; sourceTree = "<group>"; };
		F9C3D4D72AA6B7B7006931FF /* Base */ = {isa = PBXFileReference; lastKnownFileType = file.storyboard; name = Base; path = Base.lproj/LaunchScreen.storyboard; sourceTree = "<group>"; };
		F9C3D4D92AA6B7B7006931FF /* Info.plist */ = {isa = PBXFileReference; lastKnownFileType = text.plist.xml; path = Info.plist; sourceTree = "<group>"; };
/* End PBXFileReference section */

/* Begin PBXFrameworksBuildPhase section */
		F9C3D4C52AA6B7B6006931FF /* Frameworks */ = {
			isa = PBXFrameworksBuildPhase;
			buildActionMask = 2147483647;
			files = (
			);
			runOnlyForDeploymentPostprocessing = 0;
		};
/* End PBXFrameworksBuildPhase section */

/* Begin PBXGroup section */
		26CDB8502AA9F49E00D66C47 /* Users */ = {
			isa = PBXGroup;
			children = (
				26CDB8532AA9F53100D66C47 /* UsersViews */,
				26CDB8542AA9F54700D66C47 /* UswersControllers */,
			);
			path = Users;
			sourceTree = "<group>";
		};
		26CDB8532AA9F53100D66C47 /* UsersViews */ = {
			isa = PBXGroup;
			children = (
				269BE07F2AA981A1007059D0 /* UsersHome.storyboard */,
				26F0D5362AA977F900DF335B /* UsersDiary.storyboard */,
				26F0D5382AA9780D00DF335B /* UsersCommunity.storyboard */,
				26F0D53A2AA9782800DF335B /* UsersMyPage.storyboard */,
			);
			path = UsersViews;
			sourceTree = "<group>";
		};
		26CDB8542AA9F54700D66C47 /* UswersControllers */ = {
			isa = PBXGroup;
			children = (
				269BE0812AA981AE007059D0 /* UsersHomeViewController.swift */,
				26FBEEF62AA97C3B0017D6D1 /* UsersDiaryViewController.swift */,
				26FBEEF82AA97C480017D6D1 /* UsersCommunityViewController.swift */,
				26FBEEFA2AA97C510017D6D1 /* UsersMyPageViewController.swift */,
			);
			path = UswersControllers;
			sourceTree = "<group>";
		};
		26CDB8592AA9FD8100D66C47 /* KindergartensControllers */ = {
			isa = PBXGroup;
			children = (
				26CDB8622AA9FF3400D66C47 /* KindergartensHomeViewController.swift */,
				26CDB8602AA9FEDA00D66C47 /* KindergartensDiaryViewController.swift */,
				26CDB85E2AA9FEC400D66C47 /* KindergartensCommunityViewController.swift */,
				26CDB85C2AA9FEA500D66C47 /* KindergartensMyPageViewController.swift */,
			);
			path = KindergartensControllers;
			sourceTree = "<group>";
		};
		26CDB85A2AA9FD9200D66C47 /* KindergartensViews */ = {
			isa = PBXGroup;
			children = (
				26CDB86A2AA9FF9F00D66C47 /* KindergartensHome.storyboard */,
				26CDB8682AA9FF8000D66C47 /* KindergartensDiary.storyboard */,
				26CDB8662AA9FF6F00D66C47 /* KindergartensCommunity.storyboard */,
				26CDB8642AA9FF5D00D66C47 /* KindergartensMyPage.storyboard */,
			);
			path = KindergartensViews;
			sourceTree = "<group>";
		};
		26CDB86C2AAA02A900D66C47 /* FirstPage */ = {
			isa = PBXGroup;
			children = (
				F9C3D4D12AA6B7B6006931FF /* Main.storyboard */,
				26CDB8552AA9FAE900D66C47 /* MainViewController.swift */,
			);
			path = FirstPage;
			sourceTree = "<group>";
		};
		26F0D5352AA9774900DF335B /* Kindergartens */ = {
			isa = PBXGroup;
			children = (
				26CDB85A2AA9FD9200D66C47 /* KindergartensViews */,
				26CDB8592AA9FD8100D66C47 /* KindergartensControllers */,
			);
			path = Kindergartens;
			sourceTree = "<group>";
		};
		F9C3D4BF2AA6B7B6006931FF = {
			isa = PBXGroup;
			children = (
				F9C3D4CA2AA6B7B6006931FF /* DD-iOS */,
				F9C3D4C92AA6B7B6006931FF /* Products */,
			);
			sourceTree = "<group>";
		};
		F9C3D4C92AA6B7B6006931FF /* Products */ = {
			isa = PBXGroup;
			children = (
				F9C3D4C82AA6B7B6006931FF /* DD-iOS.app */,
			);
			name = Products;
			sourceTree = "<group>";
		};
		F9C3D4CA2AA6B7B6006931FF /* DD-iOS */ = {
			isa = PBXGroup;
			children = (
				F9C3D4CB2AA6B7B6006931FF /* AppDelegate.swift */,
				F9C3D4CD2AA6B7B6006931FF /* SceneDelegate.swift */,
				F9C3D4D62AA6B7B7006931FF /* LaunchScreen.storyboard */,
				26CDB86C2AAA02A900D66C47 /* FirstPage */,
				26CDB8502AA9F49E00D66C47 /* Users */,
				26F0D5352AA9774900DF335B /* Kindergartens */,
				F9C3D4D42AA6B7B7006931FF /* Assets.xcassets */,
				F9C3D4D92AA6B7B7006931FF /* Info.plist */,
			);
			path = "DD-iOS";
			sourceTree = "<group>";
		};
/* End PBXGroup section */

/* Begin PBXNativeTarget section */
		F9C3D4C72AA6B7B6006931FF /* DD-iOS */ = {
			isa = PBXNativeTarget;
			buildConfigurationList = F9C3D4DC2AA6B7B7006931FF /* Build configuration list for PBXNativeTarget "DD-iOS" */;
			buildPhases = (
				F9C3D4C42AA6B7B6006931FF /* Sources */,
				F9C3D4C52AA6B7B6006931FF /* Frameworks */,
				F9C3D4C62AA6B7B6006931FF /* Resources */,
			);
			buildRules = (
			);
			dependencies = (
			);
			name = "DD-iOS";
			productName = "DD-iOS";
			productReference = F9C3D4C82AA6B7B6006931FF /* DD-iOS.app */;
			productType = "com.apple.product-type.application";
		};
/* End PBXNativeTarget section */

/* Begin PBXProject section */
		F9C3D4C02AA6B7B6006931FF /* Project object */ = {
			isa = PBXProject;
			attributes = {
				BuildIndependentTargetsInParallel = 1;
				LastSwiftUpdateCheck = 1430;
				LastUpgradeCheck = 1430;
				TargetAttributes = {
					F9C3D4C72AA6B7B6006931FF = {
						CreatedOnToolsVersion = 14.3.1;
					};
				};
			};
			buildConfigurationList = F9C3D4C32AA6B7B6006931FF /* Build configuration list for PBXProject "DD-iOS" */;
			compatibilityVersion = "Xcode 14.0";
			developmentRegion = en;
			hasScannedForEncodings = 0;
			knownRegions = (
				en,
				Base,
			);
			mainGroup = F9C3D4BF2AA6B7B6006931FF;
			productRefGroup = F9C3D4C92AA6B7B6006931FF /* Products */;
			projectDirPath = "";
			projectRoot = "";
			targets = (
				F9C3D4C72AA6B7B6006931FF /* DD-iOS */,
			);
		};
/* End PBXProject section */

/* Begin PBXResourcesBuildPhase section */
		F9C3D4C62AA6B7B6006931FF /* Resources */ = {
			isa = PBXResourcesBuildPhase;
			buildActionMask = 2147483647;
			files = (
				26CDB86B2AA9FF9F00D66C47 /* KindergartensHome.storyboard in Resources */,
				269BE0802AA981A1007059D0 /* UsersHome.storyboard in Resources */,
				26CDB8652AA9FF5D00D66C47 /* KindergartensMyPage.storyboard in Resources */,
				26CDB8692AA9FF8000D66C47 /* KindergartensDiary.storyboard in Resources */,
				26F0D5372AA977F900DF335B /* UsersDiary.storyboard in Resources */,
				26F0D53B2AA9782800DF335B /* UsersMyPage.storyboard in Resources */,
				F9C3D4D82AA6B7B7006931FF /* LaunchScreen.storyboard in Resources */,
				F9C3D4D52AA6B7B7006931FF /* Assets.xcassets in Resources */,
				26F0D5392AA9780D00DF335B /* UsersCommunity.storyboard in Resources */,
				F9C3D4D32AA6B7B6006931FF /* Main.storyboard in Resources */,
				26CDB8672AA9FF6F00D66C47 /* KindergartensCommunity.storyboard in Resources */,
			);
			runOnlyForDeploymentPostprocessing = 0;
		};
/* End PBXResourcesBuildPhase section */

/* Begin PBXSourcesBuildPhase section */
		F9C3D4C42AA6B7B6006931FF /* Sources */ = {
			isa = PBXSourcesBuildPhase;
			buildActionMask = 2147483647;
			files = (
				26CDB8562AA9FAE900D66C47 /* MainViewController.swift in Sources */,
				26CDB8632AA9FF3400D66C47 /* KindergartensHomeViewController.swift in Sources */,
				26CDB85F2AA9FEC400D66C47 /* KindergartensCommunityViewController.swift in Sources */,
				26FBEEF72AA97C3B0017D6D1 /* UsersDiaryViewController.swift in Sources */,
				26FBEEFB2AA97C510017D6D1 /* UsersMyPageViewController.swift in Sources */,
				26CDB8612AA9FEDA00D66C47 /* KindergartensDiaryViewController.swift in Sources */,
				F9C3D4CC2AA6B7B6006931FF /* AppDelegate.swift in Sources */,
				26FBEEF92AA97C480017D6D1 /* UsersCommunityViewController.swift in Sources */,
				26CDB85D2AA9FEA500D66C47 /* KindergartensMyPageViewController.swift in Sources */,
				269BE0822AA981AE007059D0 /* UsersHomeViewController.swift in Sources */,
				F9C3D4CE2AA6B7B6006931FF /* SceneDelegate.swift in Sources */,
			);
			runOnlyForDeploymentPostprocessing = 0;
		};
/* End PBXSourcesBuildPhase section */

/* Begin PBXVariantGroup section */
		F9C3D4D12AA6B7B6006931FF /* Main.storyboard */ = {
			isa = PBXVariantGroup;
			children = (
				F9C3D4D22AA6B7B6006931FF /* Base */,
			);
			name = Main.storyboard;
			sourceTree = "<group>";
		};
		F9C3D4D62AA6B7B7006931FF /* LaunchScreen.storyboard */ = {
			isa = PBXVariantGroup;
			children = (
				F9C3D4D72AA6B7B7006931FF /* Base */,
			);
			name = LaunchScreen.storyboard;
			sourceTree = "<group>";
		};
/* End PBXVariantGroup section */

/* Begin XCBuildConfiguration section */
		F9C3D4DA2AA6B7B7006931FF /* Debug */ = {
			isa = XCBuildConfiguration;
			buildSettings = {
				ALWAYS_SEARCH_USER_PATHS = NO;
				CLANG_ANALYZER_NONNULL = YES;
				CLANG_ANALYZER_NUMBER_OBJECT_CONVERSION = YES_AGGRESSIVE;
				CLANG_CXX_LANGUAGE_STANDARD = "gnu++20";
				CLANG_ENABLE_MODULES = YES;
				CLANG_ENABLE_OBJC_ARC = YES;
				CLANG_ENABLE_OBJC_WEAK = YES;
				CLANG_WARN_BLOCK_CAPTURE_AUTORELEASING = YES;
				CLANG_WARN_BOOL_CONVERSION = YES;
				CLANG_WARN_COMMA = YES;
				CLANG_WARN_CONSTANT_CONVERSION = YES;
				CLANG_WARN_DEPRECATED_OBJC_IMPLEMENTATIONS = YES;
				CLANG_WARN_DIRECT_OBJC_ISA_USAGE = YES_ERROR;
				CLANG_WARN_DOCUMENTATION_COMMENTS = YES;
				CLANG_WARN_EMPTY_BODY = YES;
				CLANG_WARN_ENUM_CONVERSION = YES;
				CLANG_WARN_INFINITE_RECURSION = YES;
				CLANG_WARN_INT_CONVERSION = YES;
				CLANG_WARN_NON_LITERAL_NULL_CONVERSION = YES;
				CLANG_WARN_OBJC_IMPLICIT_RETAIN_SELF = YES;
				CLANG_WARN_OBJC_LITERAL_CONVERSION = YES;
				CLANG_WARN_OBJC_ROOT_CLASS = YES_ERROR;
				CLANG_WARN_QUOTED_INCLUDE_IN_FRAMEWORK_HEADER = YES;
				CLANG_WARN_RANGE_LOOP_ANALYSIS = YES;
				CLANG_WARN_STRICT_PROTOTYPES = YES;
				CLANG_WARN_SUSPICIOUS_MOVE = YES;
				CLANG_WARN_UNGUARDED_AVAILABILITY = YES_AGGRESSIVE;
				CLANG_WARN_UNREACHABLE_CODE = YES;
				CLANG_WARN__DUPLICATE_METHOD_MATCH = YES;
				COPY_PHASE_STRIP = NO;
				DEBUG_INFORMATION_FORMAT = dwarf;
				ENABLE_STRICT_OBJC_MSGSEND = YES;
				ENABLE_TESTABILITY = YES;
				GCC_C_LANGUAGE_STANDARD = gnu11;
				GCC_DYNAMIC_NO_PIC = NO;
				GCC_NO_COMMON_BLOCKS = YES;
				GCC_OPTIMIZATION_LEVEL = 0;
				GCC_PREPROCESSOR_DEFINITIONS = (
					"DEBUG=1",
					"$(inherited)",
				);
				GCC_WARN_64_TO_32_BIT_CONVERSION = YES;
				GCC_WARN_ABOUT_RETURN_TYPE = YES_ERROR;
				GCC_WARN_UNDECLARED_SELECTOR = YES;
				GCC_WARN_UNINITIALIZED_AUTOS = YES_AGGRESSIVE;
				GCC_WARN_UNUSED_FUNCTION = YES;
				GCC_WARN_UNUSED_VARIABLE = YES;
				IPHONEOS_DEPLOYMENT_TARGET = 15;
				MTL_ENABLE_DEBUG_INFO = INCLUDE_SOURCE;
				MTL_FAST_MATH = YES;
				ONLY_ACTIVE_ARCH = YES;
				SDKROOT = iphoneos;
				SWIFT_ACTIVE_COMPILATION_CONDITIONS = DEBUG;
				SWIFT_OPTIMIZATION_LEVEL = "-Onone";
			};
			name = Debug;
		};
		F9C3D4DB2AA6B7B7006931FF /* Release */ = {
			isa = XCBuildConfiguration;
			buildSettings = {
				ALWAYS_SEARCH_USER_PATHS = NO;
				CLANG_ANALYZER_NONNULL = YES;
				CLANG_ANALYZER_NUMBER_OBJECT_CONVERSION = YES_AGGRESSIVE;
				CLANG_CXX_LANGUAGE_STANDARD = "gnu++20";
				CLANG_ENABLE_MODULES = YES;
				CLANG_ENABLE_OBJC_ARC = YES;
				CLANG_ENABLE_OBJC_WEAK = YES;
				CLANG_WARN_BLOCK_CAPTURE_AUTORELEASING = YES;
				CLANG_WARN_BOOL_CONVERSION = YES;
				CLANG_WARN_COMMA = YES;
				CLANG_WARN_CONSTANT_CONVERSION = YES;
				CLANG_WARN_DEPRECATED_OBJC_IMPLEMENTATIONS = YES;
				CLANG_WARN_DIRECT_OBJC_ISA_USAGE = YES_ERROR;
				CLANG_WARN_DOCUMENTATION_COMMENTS = YES;
				CLANG_WARN_EMPTY_BODY = YES;
				CLANG_WARN_ENUM_CONVERSION = YES;
				CLANG_WARN_INFINITE_RECURSION = YES;
				CLANG_WARN_INT_CONVERSION = YES;
				CLANG_WARN_NON_LITERAL_NULL_CONVERSION = YES;
				CLANG_WARN_OBJC_IMPLICIT_RETAIN_SELF = YES;
				CLANG_WARN_OBJC_LITERAL_CONVERSION = YES;
				CLANG_WARN_OBJC_ROOT_CLASS = YES_ERROR;
				CLANG_WARN_QUOTED_INCLUDE_IN_FRAMEWORK_HEADER = YES;
				CLANG_WARN_RANGE_LOOP_ANALYSIS = YES;
				CLANG_WARN_STRICT_PROTOTYPES = YES;
				CLANG_WARN_SUSPICIOUS_MOVE = YES;
				CLANG_WARN_UNGUARDED_AVAILABILITY = YES_AGGRESSIVE;
				CLANG_WARN_UNREACHABLE_CODE = YES;
				CLANG_WARN__DUPLICATE_METHOD_MATCH = YES;
				COPY_PHASE_STRIP = NO;
				DEBUG_INFORMATION_FORMAT = "dwarf-with-dsym";
				ENABLE_NS_ASSERTIONS = NO;
				ENABLE_STRICT_OBJC_MSGSEND = YES;
				GCC_C_LANGUAGE_STANDARD = gnu11;
				GCC_NO_COMMON_BLOCKS = YES;
				GCC_WARN_64_TO_32_BIT_CONVERSION = YES;
				GCC_WARN_ABOUT_RETURN_TYPE = YES_ERROR;
				GCC_WARN_UNDECLARED_SELECTOR = YES;
				GCC_WARN_UNINITIALIZED_AUTOS = YES_AGGRESSIVE;
				GCC_WARN_UNUSED_FUNCTION = YES;
				GCC_WARN_UNUSED_VARIABLE = YES;
				IPHONEOS_DEPLOYMENT_TARGET = 15;
				MTL_ENABLE_DEBUG_INFO = NO;
				MTL_FAST_MATH = YES;
				SDKROOT = iphoneos;
				SWIFT_COMPILATION_MODE = wholemodule;
				SWIFT_OPTIMIZATION_LEVEL = "-O";
				VALIDATE_PRODUCT = YES;
			};
			name = Release;
		};
		F9C3D4DD2AA6B7B7006931FF /* Debug */ = {
			isa = XCBuildConfiguration;
			buildSettings = {
				ASSETCATALOG_COMPILER_APPICON_NAME = AppIcon;
				ASSETCATALOG_COMPILER_GLOBAL_ACCENT_COLOR_NAME = AccentColor;
				CODE_SIGN_STYLE = Automatic;
				CURRENT_PROJECT_VERSION = 1;
				GENERATE_INFOPLIST_FILE = YES;
				INFOPLIST_FILE = "DD-iOS/Info.plist";
				INFOPLIST_KEY_UIApplicationSupportsIndirectInputEvents = YES;
				INFOPLIST_KEY_UILaunchStoryboardName = LaunchScreen;
				INFOPLIST_KEY_UIMainStoryboardFile = Main;
				INFOPLIST_KEY_UISupportedInterfaceOrientations_iPad = "UIInterfaceOrientationPortrait UIInterfaceOrientationPortraitUpsideDown UIInterfaceOrientationLandscapeLeft UIInterfaceOrientationLandscapeRight";
				INFOPLIST_KEY_UISupportedInterfaceOrientations_iPhone = "UIInterfaceOrientationPortrait UIInterfaceOrientationLandscapeLeft UIInterfaceOrientationLandscapeRight";
				LD_RUNPATH_SEARCH_PATHS = (
					"$(inherited)",
					"@executable_path/Frameworks",
				);
				MARKETING_VERSION = 1.0;
				PRODUCT_BUNDLE_IDENTIFIER = "com.dd.DD-iOS";
				PRODUCT_NAME = "$(TARGET_NAME)";
				SWIFT_EMIT_LOC_STRINGS = YES;
				SWIFT_VERSION = 5.0;
				TARGETED_DEVICE_FAMILY = "1,2";
			};
			name = Debug;
		};
		F9C3D4DE2AA6B7B7006931FF /* Release */ = {
			isa = XCBuildConfiguration;
			buildSettings = {
				ASSETCATALOG_COMPILER_APPICON_NAME = AppIcon;
				ASSETCATALOG_COMPILER_GLOBAL_ACCENT_COLOR_NAME = AccentColor;
				CODE_SIGN_STYLE = Automatic;
				CURRENT_PROJECT_VERSION = 1;
				GENERATE_INFOPLIST_FILE = YES;
				INFOPLIST_FILE = "DD-iOS/Info.plist";
				INFOPLIST_KEY_UIApplicationSupportsIndirectInputEvents = YES;
				INFOPLIST_KEY_UILaunchStoryboardName = LaunchScreen;
				INFOPLIST_KEY_UIMainStoryboardFile = Main;
				INFOPLIST_KEY_UISupportedInterfaceOrientations_iPad = "UIInterfaceOrientationPortrait UIInterfaceOrientationPortraitUpsideDown UIInterfaceOrientationLandscapeLeft UIInterfaceOrientationLandscapeRight";
				INFOPLIST_KEY_UISupportedInterfaceOrientations_iPhone = "UIInterfaceOrientationPortrait UIInterfaceOrientationLandscapeLeft UIInterfaceOrientationLandscapeRight";
				LD_RUNPATH_SEARCH_PATHS = (
					"$(inherited)",
					"@executable_path/Frameworks",
				);
				MARKETING_VERSION = 1.0;
				PRODUCT_BUNDLE_IDENTIFIER = "com.dd.DD-iOS";
				PRODUCT_NAME = "$(TARGET_NAME)";
				SWIFT_EMIT_LOC_STRINGS = YES;
				SWIFT_VERSION = 5.0;
				TARGETED_DEVICE_FAMILY = "1,2";
			};
			name = Release;
		};
/* End XCBuildConfiguration section */

/* Begin XCConfigurationList section */
		F9C3D4C32AA6B7B6006931FF /* Build configuration list for PBXProject "DD-iOS" */ = {
			isa = XCConfigurationList;
			buildConfigurations = (
				F9C3D4DA2AA6B7B7006931FF /* Debug */,
				F9C3D4DB2AA6B7B7006931FF /* Release */,
			);
			defaultConfigurationIsVisible = 0;
			defaultConfigurationName = Release;
		};
		F9C3D4DC2AA6B7B7006931FF /* Build configuration list for PBXNativeTarget "DD-iOS" */ = {
			isa = XCConfigurationList;
			buildConfigurations = (
				F9C3D4DD2AA6B7B7006931FF /* Debug */,
				F9C3D4DE2AA6B7B7006931FF /* Release */,
			);
			defaultConfigurationIsVisible = 0;
			defaultConfigurationName = Release;
		};
/* End XCConfigurationList section */
	};
	rootObject = F9C3D4C02AA6B7B6006931FF /* Project object */;
}
