// !$*UTF8*$!
{
	archiveVersion = 1;
	classes = {
	};
	objectVersion = 56;
	objects = {

/* Begin PBXBuildFile section */
		26023D282AAD9C5700743DDF /* UsersSchedule.storyboard in Resources */ = {isa = PBXBuildFile; fileRef = 26023D272AAD9C5700743DDF /* UsersSchedule.storyboard */; };
		26023D2A2AAD9C6400743DDF /* UsersAnnouncement.storyboard in Resources */ = {isa = PBXBuildFile; fileRef = 26023D292AAD9C6400743DDF /* UsersAnnouncement.storyboard */; };
		26023D2C2AAD9C9A00743DDF /* UsersTimetable.storyboard in Resources */ = {isa = PBXBuildFile; fileRef = 26023D2B2AAD9C9A00743DDF /* UsersTimetable.storyboard */; };
		26023D2E2AAD9CA200743DDF /* UsersAttendance.storyboard in Resources */ = {isa = PBXBuildFile; fileRef = 26023D2D2AAD9CA200743DDF /* UsersAttendance.storyboard */; };
		26023D302AAD9CB000743DDF /* UsersMedication.storyboard in Resources */ = {isa = PBXBuildFile; fileRef = 26023D2F2AAD9CB000743DDF /* UsersMedication.storyboard */; };
		26023D322AAD9CC800743DDF /* UsersScheduleViewController.swift in Sources */ = {isa = PBXBuildFile; fileRef = 26023D312AAD9CC800743DDF /* UsersScheduleViewController.swift */; };
		26023D342AAD9CD200743DDF /* UsersAnnouncementViewController.swift in Sources */ = {isa = PBXBuildFile; fileRef = 26023D332AAD9CD200743DDF /* UsersAnnouncementViewController.swift */; };
		26023D362AAD9CDD00743DDF /* UsersTimetableViewController.swift in Sources */ = {isa = PBXBuildFile; fileRef = 26023D352AAD9CDD00743DDF /* UsersTimetableViewController.swift */; };
		26023D382AAD9CE700743DDF /* UsersAttendanceViewController.swift in Sources */ = {isa = PBXBuildFile; fileRef = 26023D372AAD9CE700743DDF /* UsersAttendanceViewController.swift */; };
		26023D3A2AAD9CF200743DDF /* UsersMedicationViewController.swift in Sources */ = {isa = PBXBuildFile; fileRef = 26023D392AAD9CF200743DDF /* UsersMedicationViewController.swift */; };
		26023D3E2AADC2EC00743DDF /* UsersAnnouncementCell.swift in Sources */ = {isa = PBXBuildFile; fileRef = 26023D3D2AADC2EC00743DDF /* UsersAnnouncementCell.swift */; };
		26023D402AADCC9600743DDF /* Announcements.swift in Sources */ = {isa = PBXBuildFile; fileRef = 26023D3F2AADCC9600743DDF /* Announcements.swift */; };
		26023D432AAEDBA400743DDF /* KindergartensAnnouncement.storyboard in Resources */ = {isa = PBXBuildFile; fileRef = 26023D422AAEDBA400743DDF /* KindergartensAnnouncement.storyboard */; };
		26023D452AAEDBAC00743DDF /* KindergartensSchedule.storyboard in Resources */ = {isa = PBXBuildFile; fileRef = 26023D442AAEDBAC00743DDF /* KindergartensSchedule.storyboard */; };
		26023D472AAEDBB800743DDF /* KindergartensTimetable.storyboard in Resources */ = {isa = PBXBuildFile; fileRef = 26023D462AAEDBB800743DDF /* KindergartensTimetable.storyboard */; };
		26023D492AAEDBC300743DDF /* KindergartensAttendance.storyboard in Resources */ = {isa = PBXBuildFile; fileRef = 26023D482AAEDBC300743DDF /* KindergartensAttendance.storyboard */; };
		26023D4B2AAEDBCE00743DDF /* KindergartensMedication.storyboard in Resources */ = {isa = PBXBuildFile; fileRef = 26023D4A2AAEDBCE00743DDF /* KindergartensMedication.storyboard */; };
		26023D4E2AAEDC2600743DDF /* KindergartensAnnouncementViewController.swift in Sources */ = {isa = PBXBuildFile; fileRef = 26023D4D2AAEDC2600743DDF /* KindergartensAnnouncementViewController.swift */; };
		26023D502AAEDC3500743DDF /* KindergartensScheduleViewController.swift in Sources */ = {isa = PBXBuildFile; fileRef = 26023D4F2AAEDC3500743DDF /* KindergartensScheduleViewController.swift */; };
		26023D522AAEDC3F00743DDF /* KindergartensTimetableViewController.swift in Sources */ = {isa = PBXBuildFile; fileRef = 26023D512AAEDC3F00743DDF /* KindergartensTimetableViewController.swift */; };
		26023D542AAEDC4900743DDF /* KindergartensAttendanceViewController.swift in Sources */ = {isa = PBXBuildFile; fileRef = 26023D532AAEDC4900743DDF /* KindergartensAttendanceViewController.swift */; };
		26023D562AAEDC5300743DDF /* KindergartensMedicationViewController.swift in Sources */ = {isa = PBXBuildFile; fileRef = 26023D552AAEDC5300743DDF /* KindergartensMedicationViewController.swift */; };
		269BE0802AA981A1007059D0 /* UsersHome.storyboard in Resources */ = {isa = PBXBuildFile; fileRef = 269BE07F2AA981A1007059D0 /* UsersHome.storyboard */; };
		269BE0822AA981AE007059D0 /* UsersHomeViewController.swift in Sources */ = {isa = PBXBuildFile; fileRef = 269BE0812AA981AE007059D0 /* UsersHomeViewController.swift */; };
		26CDB8562AA9FAE900D66C47 /* MainViewController.swift in Sources */ = {isa = PBXBuildFile; fileRef = 26CDB8552AA9FAE900D66C47 /* MainViewController.swift */; };
		26CDB85D2AA9FEA500D66C47 /* KindergartensMyPageViewController.swift in Sources */ = {isa = PBXBuildFile; fileRef = 26CDB85C2AA9FEA500D66C47 /* KindergartensMyPageViewController.swift */; };
		26CDB85F2AA9FEC400D66C47 /* KindergartensCommunityViewController.swift in Sources */ = {isa = PBXBuildFile; fileRef = 26CDB85E2AA9FEC400D66C47 /* KindergartensCommunityViewController.swift */; };
		26CDB8612AA9FEDA00D66C47 /* KindergartensDiaryViewController.swift in Sources */ = {isa = PBXBuildFile; fileRef = 26CDB8602AA9FEDA00D66C47 /* KindergartensDiaryViewController.swift */; };
		26CDB8632AA9FF3400D66C47 /* KindergartensHomeViewController.swift in Sources */ = {isa = PBXBuildFile; fileRef = 26CDB8622AA9FF3400D66C47 /* KindergartensHomeViewController.swift */; };
		26CDB8652AA9FF5D00D66C47 /* KindergartensMyPage.storyboard in Resources */ = {isa = PBXBuildFile; fileRef = 26CDB8642AA9FF5D00D66C47 /* KindergartensMyPage.storyboard */; };
		26CDB8672AA9FF6F00D66C47 /* KindergartensCommunity.storyboard in Resources */ = {isa = PBXBuildFile; fileRef = 26CDB8662AA9FF6F00D66C47 /* KindergartensCommunity.storyboard */; };
		26CDB8692AA9FF8000D66C47 /* KindergartensDiary.storyboard in Resources */ = {isa = PBXBuildFile; fileRef = 26CDB8682AA9FF8000D66C47 /* KindergartensDiary.storyboard */; };
		26CDB86B2AA9FF9F00D66C47 /* KindergartensHome.storyboard in Resources */ = {isa = PBXBuildFile; fileRef = 26CDB86A2AA9FF9F00D66C47 /* KindergartensHome.storyboard */; };
		26F0D5372AA977F900DF335B /* UsersDiary.storyboard in Resources */ = {isa = PBXBuildFile; fileRef = 26F0D5362AA977F900DF335B /* UsersDiary.storyboard */; };
		26F0D5392AA9780D00DF335B /* UsersCommunity.storyboard in Resources */ = {isa = PBXBuildFile; fileRef = 26F0D5382AA9780D00DF335B /* UsersCommunity.storyboard */; };
		26F0D53B2AA9782800DF335B /* UsersMyPage.storyboard in Resources */ = {isa = PBXBuildFile; fileRef = 26F0D53A2AA9782800DF335B /* UsersMyPage.storyboard */; };
		26FBEEF92AA97C480017D6D1 /* UsersCommunityViewController.swift in Sources */ = {isa = PBXBuildFile; fileRef = 26FBEEF82AA97C480017D6D1 /* UsersCommunityViewController.swift */; };
		26FBEEFB2AA97C510017D6D1 /* UsersMyPageViewController.swift in Sources */ = {isa = PBXBuildFile; fileRef = 26FBEEFA2AA97C510017D6D1 /* UsersMyPageViewController.swift */; };
		F90672DA2AB1CAD900A7DE6E /* KindergartensDiaryBottomSheetView.storyboard in Resources */ = {isa = PBXBuildFile; fileRef = F90672D92AB1CAD900A7DE6E /* KindergartensDiaryBottomSheetView.storyboard */; };
		F99875A02AB18E0100B60081 /* KindergartensDiaryWriteViewController.swift in Sources */ = {isa = PBXBuildFile; fileRef = F998759F2AB18E0100B60081 /* KindergartensDiaryWriteViewController.swift */; };
		F9A022EA2AAAF60F00DA0F41 /* DiaryTableViewCell.swift in Sources */ = {isa = PBXBuildFile; fileRef = F9A022E82AAAF60F00DA0F41 /* DiaryTableViewCell.swift */; };
		F9A022EB2AAAF60F00DA0F41 /* DiaryTableViewCell.xib in Resources */ = {isa = PBXBuildFile; fileRef = F9A022E92AAAF60F00DA0F41 /* DiaryTableViewCell.xib */; };
		F9A022ED2AAAFB2200DA0F41 /* diaryModel.swift in Sources */ = {isa = PBXBuildFile; fileRef = F9A022EC2AAAFB2200DA0F41 /* diaryModel.swift */; };
		F9A817AA2AAD7E1800949C57 /* DiarySelectTableViewCell.swift in Sources */ = {isa = PBXBuildFile; fileRef = F9A817A82AAD7E1800949C57 /* DiarySelectTableViewCell.swift */; };
		F9A817AB2AAD7E1800949C57 /* DiarySelectTableViewCell.xib in Resources */ = {isa = PBXBuildFile; fileRef = F9A817A92AAD7E1800949C57 /* DiarySelectTableViewCell.xib */; };
		F9AF788B2AAE9D4900DCA173 /* img2.webp in Resources */ = {isa = PBXBuildFile; fileRef = F9AF78882AAE9D4900DCA173 /* img2.webp */; };
		F9AF788C2AAE9D4900DCA173 /* img3.jpeg in Resources */ = {isa = PBXBuildFile; fileRef = F9AF78892AAE9D4900DCA173 /* img3.jpeg */; };
		F9AF788D2AAE9D4900DCA173 /* img1.jpg in Resources */ = {isa = PBXBuildFile; fileRef = F9AF788A2AAE9D4900DCA173 /* img1.jpg */; };
		F9AF788F2AAE9F0900DCA173 /* diarylistModel.swift in Sources */ = {isa = PBXBuildFile; fileRef = F9AF788E2AAE9F0900DCA173 /* diarylistModel.swift */; };
		F9C3D4CC2AA6B7B6006931FF /* AppDelegate.swift in Sources */ = {isa = PBXBuildFile; fileRef = F9C3D4CB2AA6B7B6006931FF /* AppDelegate.swift */; };
		F9C3D4CE2AA6B7B6006931FF /* SceneDelegate.swift in Sources */ = {isa = PBXBuildFile; fileRef = F9C3D4CD2AA6B7B6006931FF /* SceneDelegate.swift */; };
		F9C3D4D32AA6B7B6006931FF /* Main.storyboard in Resources */ = {isa = PBXBuildFile; fileRef = F9C3D4D12AA6B7B6006931FF /* Main.storyboard */; };
		F9C3D4D52AA6B7B7006931FF /* Assets.xcassets in Resources */ = {isa = PBXBuildFile; fileRef = F9C3D4D42AA6B7B7006931FF /* Assets.xcassets */; };
		F9C3D4D82AA6B7B7006931FF /* LaunchScreen.storyboard in Resources */ = {isa = PBXBuildFile; fileRef = F9C3D4D62AA6B7B7006931FF /* LaunchScreen.storyboard */; };
		F9FC4B222AAFFB2C00C9E38D /* UsersDiaryViewController.swift in Sources */ = {isa = PBXBuildFile; fileRef = F9FC4B212AAFFB2C00C9E38D /* UsersDiaryViewController.swift */; };
		F9FC4B242AAFFB4100C9E38D /* UsersDiaryDetailViewController.swift in Sources */ = {isa = PBXBuildFile; fileRef = F9FC4B232AAFFB4100C9E38D /* UsersDiaryDetailViewController.swift */; };
		F9FC4B262AAFFB4F00C9E38D /* UsersDiaryAlarmViewController.swift in Sources */ = {isa = PBXBuildFile; fileRef = F9FC4B252AAFFB4F00C9E38D /* UsersDiaryAlarmViewController.swift */; };
/* End PBXBuildFile section */

/* Begin PBXFileReference section */
		26023D272AAD9C5700743DDF /* UsersSchedule.storyboard */ = {isa = PBXFileReference; lastKnownFileType = file.storyboard; path = UsersSchedule.storyboard; sourceTree = "<group>"; };
		26023D292AAD9C6400743DDF /* UsersAnnouncement.storyboard */ = {isa = PBXFileReference; lastKnownFileType = file.storyboard; path = UsersAnnouncement.storyboard; sourceTree = "<group>"; };
		26023D2B2AAD9C9A00743DDF /* UsersTimetable.storyboard */ = {isa = PBXFileReference; lastKnownFileType = file.storyboard; path = UsersTimetable.storyboard; sourceTree = "<group>"; };
		26023D2D2AAD9CA200743DDF /* UsersAttendance.storyboard */ = {isa = PBXFileReference; lastKnownFileType = file.storyboard; path = UsersAttendance.storyboard; sourceTree = "<group>"; };
		26023D2F2AAD9CB000743DDF /* UsersMedication.storyboard */ = {isa = PBXFileReference; lastKnownFileType = file.storyboard; path = UsersMedication.storyboard; sourceTree = "<group>"; };
		26023D312AAD9CC800743DDF /* UsersScheduleViewController.swift */ = {isa = PBXFileReference; lastKnownFileType = sourcecode.swift; path = UsersScheduleViewController.swift; sourceTree = "<group>"; };
		26023D332AAD9CD200743DDF /* UsersAnnouncementViewController.swift */ = {isa = PBXFileReference; lastKnownFileType = sourcecode.swift; path = UsersAnnouncementViewController.swift; sourceTree = "<group>"; };
		26023D352AAD9CDD00743DDF /* UsersTimetableViewController.swift */ = {isa = PBXFileReference; lastKnownFileType = sourcecode.swift; path = UsersTimetableViewController.swift; sourceTree = "<group>"; };
		26023D372AAD9CE700743DDF /* UsersAttendanceViewController.swift */ = {isa = PBXFileReference; lastKnownFileType = sourcecode.swift; path = UsersAttendanceViewController.swift; sourceTree = "<group>"; };
		26023D392AAD9CF200743DDF /* UsersMedicationViewController.swift */ = {isa = PBXFileReference; lastKnownFileType = sourcecode.swift; path = UsersMedicationViewController.swift; sourceTree = "<group>"; };
		26023D3D2AADC2EC00743DDF /* UsersAnnouncementCell.swift */ = {isa = PBXFileReference; lastKnownFileType = sourcecode.swift; path = UsersAnnouncementCell.swift; sourceTree = "<group>"; };
		26023D3F2AADCC9600743DDF /* Announcements.swift */ = {isa = PBXFileReference; lastKnownFileType = sourcecode.swift; path = Announcements.swift; sourceTree = "<group>"; };
		26023D422AAEDBA400743DDF /* KindergartensAnnouncement.storyboard */ = {isa = PBXFileReference; lastKnownFileType = file.storyboard; path = KindergartensAnnouncement.storyboard; sourceTree = "<group>"; };
		26023D442AAEDBAC00743DDF /* KindergartensSchedule.storyboard */ = {isa = PBXFileReference; lastKnownFileType = file.storyboard; path = KindergartensSchedule.storyboard; sourceTree = "<group>"; };
		26023D462AAEDBB800743DDF /* KindergartensTimetable.storyboard */ = {isa = PBXFileReference; lastKnownFileType = file.storyboard; path = KindergartensTimetable.storyboard; sourceTree = "<group>"; };
		26023D482AAEDBC300743DDF /* KindergartensAttendance.storyboard */ = {isa = PBXFileReference; lastKnownFileType = file.storyboard; path = KindergartensAttendance.storyboard; sourceTree = "<group>"; };
		26023D4A2AAEDBCE00743DDF /* KindergartensMedication.storyboard */ = {isa = PBXFileReference; lastKnownFileType = file.storyboard; path = KindergartensMedication.storyboard; sourceTree = "<group>"; };
		26023D4D2AAEDC2600743DDF /* KindergartensAnnouncementViewController.swift */ = {isa = PBXFileReference; lastKnownFileType = sourcecode.swift; path = KindergartensAnnouncementViewController.swift; sourceTree = "<group>"; };
		26023D4F2AAEDC3500743DDF /* KindergartensScheduleViewController.swift */ = {isa = PBXFileReference; lastKnownFileType = sourcecode.swift; path = KindergartensScheduleViewController.swift; sourceTree = "<group>"; };
		26023D512AAEDC3F00743DDF /* KindergartensTimetableViewController.swift */ = {isa = PBXFileReference; lastKnownFileType = sourcecode.swift; path = KindergartensTimetableViewController.swift; sourceTree = "<group>"; };
		26023D532AAEDC4900743DDF /* KindergartensAttendanceViewController.swift */ = {isa = PBXFileReference; lastKnownFileType = sourcecode.swift; path = KindergartensAttendanceViewController.swift; sourceTree = "<group>"; };
		26023D552AAEDC5300743DDF /* KindergartensMedicationViewController.swift */ = {isa = PBXFileReference; lastKnownFileType = sourcecode.swift; path = KindergartensMedicationViewController.swift; sourceTree = "<group>"; };
		269BE07F2AA981A1007059D0 /* UsersHome.storyboard */ = {isa = PBXFileReference; lastKnownFileType = file.storyboard; path = UsersHome.storyboard; sourceTree = "<group>"; };
		269BE0812AA981AE007059D0 /* UsersHomeViewController.swift */ = {isa = PBXFileReference; lastKnownFileType = sourcecode.swift; path = UsersHomeViewController.swift; sourceTree = "<group>"; };
		26CDB8552AA9FAE900D66C47 /* MainViewController.swift */ = {isa = PBXFileReference; lastKnownFileType = sourcecode.swift; path = MainViewController.swift; sourceTree = "<group>"; };
		26CDB85C2AA9FEA500D66C47 /* KindergartensMyPageViewController.swift */ = {isa = PBXFileReference; lastKnownFileType = sourcecode.swift; path = KindergartensMyPageViewController.swift; sourceTree = "<group>"; };
		26CDB85E2AA9FEC400D66C47 /* KindergartensCommunityViewController.swift */ = {isa = PBXFileReference; lastKnownFileType = sourcecode.swift; path = KindergartensCommunityViewController.swift; sourceTree = "<group>"; };
		26CDB8602AA9FEDA00D66C47 /* KindergartensDiaryViewController.swift */ = {isa = PBXFileReference; lastKnownFileType = sourcecode.swift; path = KindergartensDiaryViewController.swift; sourceTree = "<group>"; };
		26CDB8622AA9FF3400D66C47 /* KindergartensHomeViewController.swift */ = {isa = PBXFileReference; lastKnownFileType = sourcecode.swift; path = KindergartensHomeViewController.swift; sourceTree = "<group>"; };
		26CDB8642AA9FF5D00D66C47 /* KindergartensMyPage.storyboard */ = {isa = PBXFileReference; lastKnownFileType = file.storyboard; path = KindergartensMyPage.storyboard; sourceTree = "<group>"; };
		26CDB8662AA9FF6F00D66C47 /* KindergartensCommunity.storyboard */ = {isa = PBXFileReference; lastKnownFileType = file.storyboard; path = KindergartensCommunity.storyboard; sourceTree = "<group>"; };
		26CDB8682AA9FF8000D66C47 /* KindergartensDiary.storyboard */ = {isa = PBXFileReference; lastKnownFileType = file.storyboard; path = KindergartensDiary.storyboard; sourceTree = "<group>"; };
		26CDB86A2AA9FF9F00D66C47 /* KindergartensHome.storyboard */ = {isa = PBXFileReference; lastKnownFileType = file.storyboard; path = KindergartensHome.storyboard; sourceTree = "<group>"; };
		26F0D5362AA977F900DF335B /* UsersDiary.storyboard */ = {isa = PBXFileReference; lastKnownFileType = file.storyboard; path = UsersDiary.storyboard; sourceTree = "<group>"; };
		26F0D5382AA9780D00DF335B /* UsersCommunity.storyboard */ = {isa = PBXFileReference; lastKnownFileType = file.storyboard; path = UsersCommunity.storyboard; sourceTree = "<group>"; };
		26F0D53A2AA9782800DF335B /* UsersMyPage.storyboard */ = {isa = PBXFileReference; lastKnownFileType = file.storyboard; path = UsersMyPage.storyboard; sourceTree = "<group>"; };
		26FBEEF82AA97C480017D6D1 /* UsersCommunityViewController.swift */ = {isa = PBXFileReference; lastKnownFileType = sourcecode.swift; path = UsersCommunityViewController.swift; sourceTree = "<group>"; };
		26FBEEFA2AA97C510017D6D1 /* UsersMyPageViewController.swift */ = {isa = PBXFileReference; lastKnownFileType = sourcecode.swift; path = UsersMyPageViewController.swift; sourceTree = "<group>"; };
		F90672D92AB1CAD900A7DE6E /* KindergartensDiaryBottomSheetView.storyboard */ = {isa = PBXFileReference; lastKnownFileType = file.storyboard; path = KindergartensDiaryBottomSheetView.storyboard; sourceTree = "<group>"; };
		F998759F2AB18E0100B60081 /* KindergartensDiaryWriteViewController.swift */ = {isa = PBXFileReference; lastKnownFileType = sourcecode.swift; path = KindergartensDiaryWriteViewController.swift; sourceTree = "<group>"; };
		F9A022E82AAAF60F00DA0F41 /* DiaryTableViewCell.swift */ = {isa = PBXFileReference; lastKnownFileType = sourcecode.swift; path = DiaryTableViewCell.swift; sourceTree = "<group>"; };
		F9A022E92AAAF60F00DA0F41 /* DiaryTableViewCell.xib */ = {isa = PBXFileReference; lastKnownFileType = file.xib; path = DiaryTableViewCell.xib; sourceTree = "<group>"; };
		F9A022EC2AAAFB2200DA0F41 /* diaryModel.swift */ = {isa = PBXFileReference; lastKnownFileType = sourcecode.swift; path = diaryModel.swift; sourceTree = "<group>"; };
		F9A817A82AAD7E1800949C57 /* DiarySelectTableViewCell.swift */ = {isa = PBXFileReference; lastKnownFileType = sourcecode.swift; path = DiarySelectTableViewCell.swift; sourceTree = "<group>"; };
		F9A817A92AAD7E1800949C57 /* DiarySelectTableViewCell.xib */ = {isa = PBXFileReference; lastKnownFileType = file.xib; path = DiarySelectTableViewCell.xib; sourceTree = "<group>"; };
		F9AF78882AAE9D4900DCA173 /* img2.webp */ = {isa = PBXFileReference; lastKnownFileType = file; path = img2.webp; sourceTree = "<group>"; };
		F9AF78892AAE9D4900DCA173 /* img3.jpeg */ = {isa = PBXFileReference; lastKnownFileType = image.jpeg; path = img3.jpeg; sourceTree = "<group>"; };
		F9AF788A2AAE9D4900DCA173 /* img1.jpg */ = {isa = PBXFileReference; lastKnownFileType = image.jpeg; path = img1.jpg; sourceTree = "<group>"; };
		F9AF788E2AAE9F0900DCA173 /* diarylistModel.swift */ = {isa = PBXFileReference; lastKnownFileType = sourcecode.swift; path = diarylistModel.swift; sourceTree = "<group>"; };
		F9C3D4C82AA6B7B6006931FF /* DD-iOS.app */ = {isa = PBXFileReference; explicitFileType = wrapper.application; includeInIndex = 0; path = "DD-iOS.app"; sourceTree = BUILT_PRODUCTS_DIR; };
		F9C3D4CB2AA6B7B6006931FF /* AppDelegate.swift */ = {isa = PBXFileReference; lastKnownFileType = sourcecode.swift; path = AppDelegate.swift; sourceTree = "<group>"; };
		F9C3D4CD2AA6B7B6006931FF /* SceneDelegate.swift */ = {isa = PBXFileReference; lastKnownFileType = sourcecode.swift; path = SceneDelegate.swift; sourceTree = "<group>"; };
		F9C3D4D22AA6B7B6006931FF /* Base */ = {isa = PBXFileReference; lastKnownFileType = file.storyboard; name = Base; path = Base.lproj/Main.storyboard; sourceTree = "<group>"; };
		F9C3D4D42AA6B7B7006931FF /* Assets.xcassets */ = {isa = PBXFileReference; lastKnownFileType = folder.assetcatalog; path = Assets.xcassets; sourceTree = "<group>"; };
		F9C3D4D72AA6B7B7006931FF /* Base */ = {isa = PBXFileReference; lastKnownFileType = file.storyboard; name = Base; path = Base.lproj/LaunchScreen.storyboard; sourceTree = "<group>"; };
		F9C3D4D92AA6B7B7006931FF /* Info.plist */ = {isa = PBXFileReference; lastKnownFileType = text.plist.xml; path = Info.plist; sourceTree = "<group>"; };
		F9FC4B212AAFFB2C00C9E38D /* UsersDiaryViewController.swift */ = {isa = PBXFileReference; lastKnownFileType = sourcecode.swift; path = UsersDiaryViewController.swift; sourceTree = "<group>"; };
		F9FC4B232AAFFB4100C9E38D /* UsersDiaryDetailViewController.swift */ = {isa = PBXFileReference; lastKnownFileType = sourcecode.swift; path = UsersDiaryDetailViewController.swift; sourceTree = "<group>"; };
		F9FC4B252AAFFB4F00C9E38D /* UsersDiaryAlarmViewController.swift */ = {isa = PBXFileReference; lastKnownFileType = sourcecode.swift; path = UsersDiaryAlarmViewController.swift; sourceTree = "<group>"; };
/* End PBXFileReference section */

/* Begin PBXFrameworksBuildPhase section */
		F9C3D4C52AA6B7B6006931FF /* Frameworks */ = {
			isa = PBXFrameworksBuildPhase;
			buildActionMask = 2147483647;
			files = (
			);
			runOnlyForDeploymentPostprocessing = 0;
		};
/* End PBXFrameworksBuildPhase section */

/* Begin PBXGroup section */
		26023D252AAD9BD400743DDF /* UsersHomeOtherViews */ = {
			isa = PBXGroup;
			children = (
				26023D3C2AADC1F100743DDF /* UsersAnnouncementViews */,
				26023D272AAD9C5700743DDF /* UsersSchedule.storyboard */,
				26023D2B2AAD9C9A00743DDF /* UsersTimetable.storyboard */,
				26023D2D2AAD9CA200743DDF /* UsersAttendance.storyboard */,
				26023D2F2AAD9CB000743DDF /* UsersMedication.storyboard */,
			);
			path = UsersHomeOtherViews;
			sourceTree = "<group>";
		};
		26023D262AAD9C1300743DDF /* UsersHomeOtherControllers */ = {
			isa = PBXGroup;
			children = (
				26023D312AAD9CC800743DDF /* UsersScheduleViewController.swift */,
				26023D332AAD9CD200743DDF /* UsersAnnouncementViewController.swift */,
				26023D352AAD9CDD00743DDF /* UsersTimetableViewController.swift */,
				26023D372AAD9CE700743DDF /* UsersAttendanceViewController.swift */,
				26023D392AAD9CF200743DDF /* UsersMedicationViewController.swift */,
			);
			path = UsersHomeOtherControllers;
			sourceTree = "<group>";
		};
		26023D3C2AADC1F100743DDF /* UsersAnnouncementViews */ = {
			isa = PBXGroup;
			children = (
				26023D292AAD9C6400743DDF /* UsersAnnouncement.storyboard */,
				26023D3D2AADC2EC00743DDF /* UsersAnnouncementCell.swift */,
			);
			path = UsersAnnouncementViews;
			sourceTree = "<group>";
		};
		26023D412AAEDAAF00743DDF /* KindergartensHomeOtherViews */ = {
			isa = PBXGroup;
			children = (
				26023D422AAEDBA400743DDF /* KindergartensAnnouncement.storyboard */,
				26023D442AAEDBAC00743DDF /* KindergartensSchedule.storyboard */,
				26023D462AAEDBB800743DDF /* KindergartensTimetable.storyboard */,
				26023D482AAEDBC300743DDF /* KindergartensAttendance.storyboard */,
				26023D4A2AAEDBCE00743DDF /* KindergartensMedication.storyboard */,
			);
			path = KindergartensHomeOtherViews;
			sourceTree = "<group>";
		};
		26023D4C2AAEDBE200743DDF /* KindergartensHomeOtherControllers */ = {
			isa = PBXGroup;
			children = (
				26023D4D2AAEDC2600743DDF /* KindergartensAnnouncementViewController.swift */,
				26023D4F2AAEDC3500743DDF /* KindergartensScheduleViewController.swift */,
				26023D512AAEDC3F00743DDF /* KindergartensTimetableViewController.swift */,
				26023D532AAEDC4900743DDF /* KindergartensAttendanceViewController.swift */,
				26023D552AAEDC5300743DDF /* KindergartensMedicationViewController.swift */,
			);
			path = KindergartensHomeOtherControllers;
			sourceTree = "<group>";
		};
		26CDB8502AA9F49E00D66C47 /* Users */ = {
			isa = PBXGroup;
			children = (
				F9A022E72AAAF5F500DA0F41 /* UsersTableViews */,
				26023D3F2AADCC9600743DDF /* Announcements.swift */,
				26CDB8532AA9F53100D66C47 /* UsersViews */,
				26CDB8542AA9F54700D66C47 /* UsersControllers */,
			);
			path = Users;
			sourceTree = "<group>";
		};
		26CDB8532AA9F53100D66C47 /* UsersViews */ = {
			isa = PBXGroup;
			children = (
				269BE07F2AA981A1007059D0 /* UsersHome.storyboard */,
				26023D252AAD9BD400743DDF /* UsersHomeOtherViews */,
				26F0D5362AA977F900DF335B /* UsersDiary.storyboard */,
				26F0D5382AA9780D00DF335B /* UsersCommunity.storyboard */,
				26F0D53A2AA9782800DF335B /* UsersMyPage.storyboard */,
			);
			path = UsersViews;
			sourceTree = "<group>";
		};
		26CDB8542AA9F54700D66C47 /* UsersControllers */ = {
			isa = PBXGroup;
			children = (
				269BE0812AA981AE007059D0 /* UsersHomeViewController.swift */,
				26023D262AAD9C1300743DDF /* UsersHomeOtherControllers */,
				F9FC4B212AAFFB2C00C9E38D /* UsersDiaryViewController.swift */,
				F9FC4B202AAFFAE500C9E38D /* UsersDiaryOtherControllers */,
				26FBEEF82AA97C480017D6D1 /* UsersCommunityViewController.swift */,
				26FBEEFA2AA97C510017D6D1 /* UsersMyPageViewController.swift */,
			);
			path = UsersControllers;
			sourceTree = "<group>";
		};
		26CDB8592AA9FD8100D66C47 /* KindergartensControllers */ = {
			isa = PBXGroup;
			children = (
				26CDB8622AA9FF3400D66C47 /* KindergartensHomeViewController.swift */,
				26023D4C2AAEDBE200743DDF /* KindergartensHomeOtherControllers */,
				26CDB8602AA9FEDA00D66C47 /* KindergartensDiaryViewController.swift */,
				F90672DC2AB1CC5100A7DE6E /* KindergartensHomeOtherControllersKindergartensDiaryOtherControllers */,
				26CDB85E2AA9FEC400D66C47 /* KindergartensCommunityViewController.swift */,
				26CDB85C2AA9FEA500D66C47 /* KindergartensMyPageViewController.swift */,
			);
			path = KindergartensControllers;
			sourceTree = "<group>";
		};
		26CDB85A2AA9FD9200D66C47 /* KindergartensViews */ = {
			isa = PBXGroup;
			children = (
				26CDB86A2AA9FF9F00D66C47 /* KindergartensHome.storyboard */,
				26023D412AAEDAAF00743DDF /* KindergartensHomeOtherViews */,
				26CDB8682AA9FF8000D66C47 /* KindergartensDiary.storyboard */,
				F90672DB2AB1CC2200A7DE6E /* KindergartensHomeOtherViewsKindergartensDiaryOtherViews */,
				26CDB8662AA9FF6F00D66C47 /* KindergartensCommunity.storyboard */,
				26CDB8642AA9FF5D00D66C47 /* KindergartensMyPage.storyboard */,
			);
			path = KindergartensViews;
			sourceTree = "<group>";
		};
		26CDB86C2AAA02A900D66C47 /* FirstPage */ = {
			isa = PBXGroup;
			children = (
				F9C3D4D12AA6B7B6006931FF /* Main.storyboard */,
				26CDB8552AA9FAE900D66C47 /* MainViewController.swift */,
			);
			path = FirstPage;
			sourceTree = "<group>";
		};
		26F0D5352AA9774900DF335B /* Kindergartens */ = {
			isa = PBXGroup;
			children = (
				F9A817A72AAD7DB900949C57 /* KindergartensTableViews */,
				26CDB85A2AA9FD9200D66C47 /* KindergartensViews */,
				26CDB8592AA9FD8100D66C47 /* KindergartensControllers */,
			);
			path = Kindergartens;
			sourceTree = "<group>";
		};
		F90672DB2AB1CC2200A7DE6E /* KindergartensHomeOtherViewsKindergartensDiaryOtherViews */ = {
			isa = PBXGroup;
			children = (
				F90672D92AB1CAD900A7DE6E /* KindergartensDiaryBottomSheetView.storyboard */,
			);
			path = KindergartensHomeOtherViewsKindergartensDiaryOtherViews;
			sourceTree = "<group>";
		};
		F90672DC2AB1CC5100A7DE6E /* KindergartensHomeOtherControllersKindergartensDiaryOtherControllers */ = {
			isa = PBXGroup;
			children = (
				F998759F2AB18E0100B60081 /* KindergartensDiaryWriteViewController.swift */,
			);
			path = KindergartensHomeOtherControllersKindergartensDiaryOtherControllers;
			sourceTree = "<group>";
		};
		F9A022E72AAAF5F500DA0F41 /* UsersTableViews */ = {
			isa = PBXGroup;
			children = (
				F9A022E82AAAF60F00DA0F41 /* DiaryTableViewCell.swift */,
				F9A022E92AAAF60F00DA0F41 /* DiaryTableViewCell.xib */,
				F9A022EC2AAAFB2200DA0F41 /* diaryModel.swift */,
			);
			path = UsersTableViews;
			sourceTree = "<group>";
		};
		F9A022EE2AAAFBF200DA0F41 /* Image */ = {
			isa = PBXGroup;
			children = (
				F9AF78892AAE9D4900DCA173 /* img3.jpeg */,
				F9AF788A2AAE9D4900DCA173 /* img1.jpg */,
				F9AF78882AAE9D4900DCA173 /* img2.webp */,
			);
			path = Image;
			sourceTree = "<group>";
		};
		F9A817A72AAD7DB900949C57 /* KindergartensTableViews */ = {
			isa = PBXGroup;
			children = (
				F9A817A82AAD7E1800949C57 /* DiarySelectTableViewCell.swift */,
				F9A817A92AAD7E1800949C57 /* DiarySelectTableViewCell.xib */,
				F9AF788E2AAE9F0900DCA173 /* diarylistModel.swift */,
			);
			path = KindergartensTableViews;
			sourceTree = "<group>";
		};
		F9C3D4BF2AA6B7B6006931FF = {
			isa = PBXGroup;
			children = (
				F9C3D4CA2AA6B7B6006931FF /* DD-iOS */,
				F9C3D4C92AA6B7B6006931FF /* Products */,
			);
			sourceTree = "<group>";
		};
		F9C3D4C92AA6B7B6006931FF /* Products */ = {
			isa = PBXGroup;
			children = (
				F9C3D4C82AA6B7B6006931FF /* DD-iOS.app */,
			);
			name = Products;
			sourceTree = "<group>";
		};
		F9C3D4CA2AA6B7B6006931FF /* DD-iOS */ = {
			isa = PBXGroup;
			children = (
				F9A022EE2AAAFBF200DA0F41 /* Image */,
				F9C3D4CB2AA6B7B6006931FF /* AppDelegate.swift */,
				F9C3D4CD2AA6B7B6006931FF /* SceneDelegate.swift */,
				F9C3D4D62AA6B7B7006931FF /* LaunchScreen.storyboard */,
				26CDB86C2AAA02A900D66C47 /* FirstPage */,
				26CDB8502AA9F49E00D66C47 /* Users */,
				26F0D5352AA9774900DF335B /* Kindergartens */,
				F9C3D4D42AA6B7B7006931FF /* Assets.xcassets */,
				F9C3D4D92AA6B7B7006931FF /* Info.plist */,
			);
			path = "DD-iOS";
			sourceTree = "<group>";
		};
		F9FC4B202AAFFAE500C9E38D /* UsersDiaryOtherControllers */ = {
			isa = PBXGroup;
			children = (
				F9FC4B232AAFFB4100C9E38D /* UsersDiaryDetailViewController.swift */,
				F9FC4B252AAFFB4F00C9E38D /* UsersDiaryAlarmViewController.swift */,
			);
			path = UsersDiaryOtherControllers;
			sourceTree = "<group>";
		};
/* End PBXGroup section */

/* Begin PBXNativeTarget section */
		F9C3D4C72AA6B7B6006931FF /* DD-iOS */ = {
			isa = PBXNativeTarget;
			buildConfigurationList = F9C3D4DC2AA6B7B7006931FF /* Build configuration list for PBXNativeTarget "DD-iOS" */;
			buildPhases = (
				F9C3D4C42AA6B7B6006931FF /* Sources */,
				F9C3D4C52AA6B7B6006931FF /* Frameworks */,
				F9C3D4C62AA6B7B6006931FF /* Resources */,
			);
			buildRules = (
			);
			dependencies = (
			);
			name = "DD-iOS";
			productName = "DD-iOS";
			productReference = F9C3D4C82AA6B7B6006931FF /* DD-iOS.app */;
			productType = "com.apple.product-type.application";
		};
/* End PBXNativeTarget section */

/* Begin PBXProject section */
		F9C3D4C02AA6B7B6006931FF /* Project object */ = {
			isa = PBXProject;
			attributes = {
				BuildIndependentTargetsInParallel = 1;
				LastSwiftUpdateCheck = 1430;
				LastUpgradeCheck = 1430;
				TargetAttributes = {
					F9C3D4C72AA6B7B6006931FF = {
						CreatedOnToolsVersion = 14.3.1;
					};
				};
			};
			buildConfigurationList = F9C3D4C32AA6B7B6006931FF /* Build configuration list for PBXProject "DD-iOS" */;
			compatibilityVersion = "Xcode 14.0";
			developmentRegion = en;
			hasScannedForEncodings = 0;
			knownRegions = (
				en,
				Base,
			);
			mainGroup = F9C3D4BF2AA6B7B6006931FF;
			productRefGroup = F9C3D4C92AA6B7B6006931FF /* Products */;
			projectDirPath = "";
			projectRoot = "";
			targets = (
				F9C3D4C72AA6B7B6006931FF /* DD-iOS */,
			);
		};
/* End PBXProject section */

/* Begin PBXResourcesBuildPhase section */
		F9C3D4C62AA6B7B6006931FF /* Resources */ = {
			isa = PBXResourcesBuildPhase;
			buildActionMask = 2147483647;
			files = (
				26023D432AAEDBA400743DDF /* KindergartensAnnouncement.storyboard in Resources */,
				F9A817AB2AAD7E1800949C57 /* DiarySelectTableViewCell.xib in Resources */,
				26CDB86B2AA9FF9F00D66C47 /* KindergartensHome.storyboard in Resources */,
				269BE0802AA981A1007059D0 /* UsersHome.storyboard in Resources */,
				26023D2E2AAD9CA200743DDF /* UsersAttendance.storyboard in Resources */,
				26023D452AAEDBAC00743DDF /* KindergartensSchedule.storyboard in Resources */,
				26CDB8652AA9FF5D00D66C47 /* KindergartensMyPage.storyboard in Resources */,
				26CDB8692AA9FF8000D66C47 /* KindergartensDiary.storyboard in Resources */,
				F9AF788D2AAE9D4900DCA173 /* img1.jpg in Resources */,
				F9AF788C2AAE9D4900DCA173 /* img3.jpeg in Resources */,
				F90672DA2AB1CAD900A7DE6E /* KindergartensDiaryBottomSheetView.storyboard in Resources */,
				26F0D5372AA977F900DF335B /* UsersDiary.storyboard in Resources */,
				F9AF788B2AAE9D4900DCA173 /* img2.webp in Resources */,
				26023D4B2AAEDBCE00743DDF /* KindergartensMedication.storyboard in Resources */,
				26F0D53B2AA9782800DF335B /* UsersMyPage.storyboard in Resources */,
				26023D492AAEDBC300743DDF /* KindergartensAttendance.storyboard in Resources */,
				F9C3D4D82AA6B7B7006931FF /* LaunchScreen.storyboard in Resources */,
				F9C3D4D52AA6B7B7006931FF /* Assets.xcassets in Resources */,
				26023D302AAD9CB000743DDF /* UsersMedication.storyboard in Resources */,
				26F0D5392AA9780D00DF335B /* UsersCommunity.storyboard in Resources */,
				F9C3D4D32AA6B7B6006931FF /* Main.storyboard in Resources */,
				26023D2A2AAD9C6400743DDF /* UsersAnnouncement.storyboard in Resources */,
				26023D472AAEDBB800743DDF /* KindergartensTimetable.storyboard in Resources */,
				26CDB8672AA9FF6F00D66C47 /* KindergartensCommunity.storyboard in Resources */,
				F9A022EB2AAAF60F00DA0F41 /* DiaryTableViewCell.xib in Resources */,
				26023D2C2AAD9C9A00743DDF /* UsersTimetable.storyboard in Resources */,
				26023D282AAD9C5700743DDF /* UsersSchedule.storyboard in Resources */,
			);
			runOnlyForDeploymentPostprocessing = 0;
		};
/* End PBXResourcesBuildPhase section */

/* Begin PBXSourcesBuildPhase section */
		F9C3D4C42AA6B7B6006931FF /* Sources */ = {
			isa = PBXSourcesBuildPhase;
			buildActionMask = 2147483647;
			files = (
				26023D362AAD9CDD00743DDF /* UsersTimetableViewController.swift in Sources */,
				26CDB8562AA9FAE900D66C47 /* MainViewController.swift in Sources */,
				26CDB8632AA9FF3400D66C47 /* KindergartensHomeViewController.swift in Sources */,
				F9A817AA2AAD7E1800949C57 /* DiarySelectTableViewCell.swift in Sources */,
				26CDB85F2AA9FEC400D66C47 /* KindergartensCommunityViewController.swift in Sources */,
				26023D322AAD9CC800743DDF /* UsersScheduleViewController.swift in Sources */,
				26023D502AAEDC3500743DDF /* KindergartensScheduleViewController.swift in Sources */,
				26023D3A2AAD9CF200743DDF /* UsersMedicationViewController.swift in Sources */,
				26023D4E2AAEDC2600743DDF /* KindergartensAnnouncementViewController.swift in Sources */,
				F9AF788F2AAE9F0900DCA173 /* diarylistModel.swift in Sources */,
				26023D562AAEDC5300743DDF /* KindergartensMedicationViewController.swift in Sources */,
				26FBEEFB2AA97C510017D6D1 /* UsersMyPageViewController.swift in Sources */,
				26023D402AADCC9600743DDF /* Announcements.swift in Sources */,
				F9FC4B222AAFFB2C00C9E38D /* UsersDiaryViewController.swift in Sources */,
				26CDB8612AA9FEDA00D66C47 /* KindergartensDiaryViewController.swift in Sources */,
				F9C3D4CC2AA6B7B6006931FF /* AppDelegate.swift in Sources */,
				26FBEEF92AA97C480017D6D1 /* UsersCommunityViewController.swift in Sources */,
				F9A022ED2AAAFB2200DA0F41 /* diaryModel.swift in Sources */,
				26023D342AAD9CD200743DDF /* UsersAnnouncementViewController.swift in Sources */,
				26023D382AAD9CE700743DDF /* UsersAttendanceViewController.swift in Sources */,
				26023D3E2AADC2EC00743DDF /* UsersAnnouncementCell.swift in Sources */,
				26CDB85D2AA9FEA500D66C47 /* KindergartensMyPageViewController.swift in Sources */,
				269BE0822AA981AE007059D0 /* UsersHomeViewController.swift in Sources */,
				F9C3D4CE2AA6B7B6006931FF /* SceneDelegate.swift in Sources */,
				F9FC4B242AAFFB4100C9E38D /* UsersDiaryDetailViewController.swift in Sources */,
				F9A022EA2AAAF60F00DA0F41 /* DiaryTableViewCell.swift in Sources */,
				26023D522AAEDC3F00743DDF /* KindergartensTimetableViewController.swift in Sources */,
				F9FC4B262AAFFB4F00C9E38D /* UsersDiaryAlarmViewController.swift in Sources */,
				26023D542AAEDC4900743DDF /* KindergartensAttendanceViewController.swift in Sources */,
				F99875A02AB18E0100B60081 /* KindergartensDiaryWriteViewController.swift in Sources */,
			);
			runOnlyForDeploymentPostprocessing = 0;
		};
/* End PBXSourcesBuildPhase section */

/* Begin PBXVariantGroup section */
		F9C3D4D12AA6B7B6006931FF /* Main.storyboard */ = {
			isa = PBXVariantGroup;
			children = (
				F9C3D4D22AA6B7B6006931FF /* Base */,
			);
			name = Main.storyboard;
			sourceTree = "<group>";
		};
		F9C3D4D62AA6B7B7006931FF /* LaunchScreen.storyboard */ = {
			isa = PBXVariantGroup;
			children = (
				F9C3D4D72AA6B7B7006931FF /* Base */,
			);
			name = LaunchScreen.storyboard;
			sourceTree = "<group>";
		};
/* End PBXVariantGroup section */

/* Begin XCBuildConfiguration section */
		F9C3D4DA2AA6B7B7006931FF /* Debug */ = {
			isa = XCBuildConfiguration;
			buildSettings = {
				ALWAYS_SEARCH_USER_PATHS = NO;
				CLANG_ANALYZER_NONNULL = YES;
				CLANG_ANALYZER_NUMBER_OBJECT_CONVERSION = YES_AGGRESSIVE;
				CLANG_CXX_LANGUAGE_STANDARD = "gnu++20";
				CLANG_ENABLE_MODULES = YES;
				CLANG_ENABLE_OBJC_ARC = YES;
				CLANG_ENABLE_OBJC_WEAK = YES;
				CLANG_WARN_BLOCK_CAPTURE_AUTORELEASING = YES;
				CLANG_WARN_BOOL_CONVERSION = YES;
				CLANG_WARN_COMMA = YES;
				CLANG_WARN_CONSTANT_CONVERSION = YES;
				CLANG_WARN_DEPRECATED_OBJC_IMPLEMENTATIONS = YES;
				CLANG_WARN_DIRECT_OBJC_ISA_USAGE = YES_ERROR;
				CLANG_WARN_DOCUMENTATION_COMMENTS = YES;
				CLANG_WARN_EMPTY_BODY = YES;
				CLANG_WARN_ENUM_CONVERSION = YES;
				CLANG_WARN_INFINITE_RECURSION = YES;
				CLANG_WARN_INT_CONVERSION = YES;
				CLANG_WARN_NON_LITERAL_NULL_CONVERSION = YES;
				CLANG_WARN_OBJC_IMPLICIT_RETAIN_SELF = YES;
				CLANG_WARN_OBJC_LITERAL_CONVERSION = YES;
				CLANG_WARN_OBJC_ROOT_CLASS = YES_ERROR;
				CLANG_WARN_QUOTED_INCLUDE_IN_FRAMEWORK_HEADER = YES;
				CLANG_WARN_RANGE_LOOP_ANALYSIS = YES;
				CLANG_WARN_STRICT_PROTOTYPES = YES;
				CLANG_WARN_SUSPICIOUS_MOVE = YES;
				CLANG_WARN_UNGUARDED_AVAILABILITY = YES_AGGRESSIVE;
				CLANG_WARN_UNREACHABLE_CODE = YES;
				CLANG_WARN__DUPLICATE_METHOD_MATCH = YES;
				COPY_PHASE_STRIP = NO;
				DEBUG_INFORMATION_FORMAT = dwarf;
				ENABLE_STRICT_OBJC_MSGSEND = YES;
				ENABLE_TESTABILITY = YES;
				GCC_C_LANGUAGE_STANDARD = gnu11;
				GCC_DYNAMIC_NO_PIC = NO;
				GCC_NO_COMMON_BLOCKS = YES;
				GCC_OPTIMIZATION_LEVEL = 0;
				GCC_PREPROCESSOR_DEFINITIONS = (
					"DEBUG=1",
					"$(inherited)",
				);
				GCC_WARN_64_TO_32_BIT_CONVERSION = YES;
				GCC_WARN_ABOUT_RETURN_TYPE = YES_ERROR;
				GCC_WARN_UNDECLARED_SELECTOR = YES;
				GCC_WARN_UNINITIALIZED_AUTOS = YES_AGGRESSIVE;
				GCC_WARN_UNUSED_FUNCTION = YES;
				GCC_WARN_UNUSED_VARIABLE = YES;
				IPHONEOS_DEPLOYMENT_TARGET = 15;
				MTL_ENABLE_DEBUG_INFO = INCLUDE_SOURCE;
				MTL_FAST_MATH = YES;
				ONLY_ACTIVE_ARCH = YES;
				SDKROOT = iphoneos;
				SWIFT_ACTIVE_COMPILATION_CONDITIONS = DEBUG;
				SWIFT_OPTIMIZATION_LEVEL = "-Onone";
			};
			name = Debug;
		};
		F9C3D4DB2AA6B7B7006931FF /* Release */ = {
			isa = XCBuildConfiguration;
			buildSettings = {
				ALWAYS_SEARCH_USER_PATHS = NO;
				CLANG_ANALYZER_NONNULL = YES;
				CLANG_ANALYZER_NUMBER_OBJECT_CONVERSION = YES_AGGRESSIVE;
				CLANG_CXX_LANGUAGE_STANDARD = "gnu++20";
				CLANG_ENABLE_MODULES = YES;
				CLANG_ENABLE_OBJC_ARC = YES;
				CLANG_ENABLE_OBJC_WEAK = YES;
				CLANG_WARN_BLOCK_CAPTURE_AUTORELEASING = YES;
				CLANG_WARN_BOOL_CONVERSION = YES;
				CLANG_WARN_COMMA = YES;
				CLANG_WARN_CONSTANT_CONVERSION = YES;
				CLANG_WARN_DEPRECATED_OBJC_IMPLEMENTATIONS = YES;
				CLANG_WARN_DIRECT_OBJC_ISA_USAGE = YES_ERROR;
				CLANG_WARN_DOCUMENTATION_COMMENTS = YES;
				CLANG_WARN_EMPTY_BODY = YES;
				CLANG_WARN_ENUM_CONVERSION = YES;
				CLANG_WARN_INFINITE_RECURSION = YES;
				CLANG_WARN_INT_CONVERSION = YES;
				CLANG_WARN_NON_LITERAL_NULL_CONVERSION = YES;
				CLANG_WARN_OBJC_IMPLICIT_RETAIN_SELF = YES;
				CLANG_WARN_OBJC_LITERAL_CONVERSION = YES;
				CLANG_WARN_OBJC_ROOT_CLASS = YES_ERROR;
				CLANG_WARN_QUOTED_INCLUDE_IN_FRAMEWORK_HEADER = YES;
				CLANG_WARN_RANGE_LOOP_ANALYSIS = YES;
				CLANG_WARN_STRICT_PROTOTYPES = YES;
				CLANG_WARN_SUSPICIOUS_MOVE = YES;
				CLANG_WARN_UNGUARDED_AVAILABILITY = YES_AGGRESSIVE;
				CLANG_WARN_UNREACHABLE_CODE = YES;
				CLANG_WARN__DUPLICATE_METHOD_MATCH = YES;
				COPY_PHASE_STRIP = NO;
				DEBUG_INFORMATION_FORMAT = "dwarf-with-dsym";
				ENABLE_NS_ASSERTIONS = NO;
				ENABLE_STRICT_OBJC_MSGSEND = YES;
				GCC_C_LANGUAGE_STANDARD = gnu11;
				GCC_NO_COMMON_BLOCKS = YES;
				GCC_WARN_64_TO_32_BIT_CONVERSION = YES;
				GCC_WARN_ABOUT_RETURN_TYPE = YES_ERROR;
				GCC_WARN_UNDECLARED_SELECTOR = YES;
				GCC_WARN_UNINITIALIZED_AUTOS = YES_AGGRESSIVE;
				GCC_WARN_UNUSED_FUNCTION = YES;
				GCC_WARN_UNUSED_VARIABLE = YES;
				IPHONEOS_DEPLOYMENT_TARGET = 15;
				MTL_ENABLE_DEBUG_INFO = NO;
				MTL_FAST_MATH = YES;
				SDKROOT = iphoneos;
				SWIFT_COMPILATION_MODE = wholemodule;
				SWIFT_OPTIMIZATION_LEVEL = "-O";
				VALIDATE_PRODUCT = YES;
			};
			name = Release;
		};
		F9C3D4DD2AA6B7B7006931FF /* Debug */ = {
			isa = XCBuildConfiguration;
			buildSettings = {
				ASSETCATALOG_COMPILER_APPICON_NAME = AppIcon;
				ASSETCATALOG_COMPILER_GLOBAL_ACCENT_COLOR_NAME = AccentColor;
				CODE_SIGN_STYLE = Automatic;
				CURRENT_PROJECT_VERSION = 1;
				GENERATE_INFOPLIST_FILE = YES;
				INFOPLIST_FILE = "DD-iOS/Info.plist";
				INFOPLIST_KEY_UIApplicationSupportsIndirectInputEvents = YES;
				INFOPLIST_KEY_UILaunchStoryboardName = LaunchScreen;
				INFOPLIST_KEY_UIMainStoryboardFile = Main;
				INFOPLIST_KEY_UISupportedInterfaceOrientations_iPad = "UIInterfaceOrientationPortrait UIInterfaceOrientationPortraitUpsideDown UIInterfaceOrientationLandscapeLeft UIInterfaceOrientationLandscapeRight";
				INFOPLIST_KEY_UISupportedInterfaceOrientations_iPhone = "UIInterfaceOrientationPortrait UIInterfaceOrientationLandscapeLeft UIInterfaceOrientationLandscapeRight";
				LD_RUNPATH_SEARCH_PATHS = (
					"$(inherited)",
					"@executable_path/Frameworks",
				);
				MARKETING_VERSION = 1.0;
				PRODUCT_BUNDLE_IDENTIFIER = "com.dd.DD-iOS";
				PRODUCT_NAME = "$(TARGET_NAME)";
				SWIFT_EMIT_LOC_STRINGS = YES;
				SWIFT_VERSION = 5.0;
				TARGETED_DEVICE_FAMILY = "1,2";
			};
			name = Debug;
		};
		F9C3D4DE2AA6B7B7006931FF /* Release */ = {
			isa = XCBuildConfiguration;
			buildSettings = {
				ASSETCATALOG_COMPILER_APPICON_NAME = AppIcon;
				ASSETCATALOG_COMPILER_GLOBAL_ACCENT_COLOR_NAME = AccentColor;
				CODE_SIGN_STYLE = Automatic;
				CURRENT_PROJECT_VERSION = 1;
				GENERATE_INFOPLIST_FILE = YES;
				INFOPLIST_FILE = "DD-iOS/Info.plist";
				INFOPLIST_KEY_UIApplicationSupportsIndirectInputEvents = YES;
				INFOPLIST_KEY_UILaunchStoryboardName = LaunchScreen;
				INFOPLIST_KEY_UIMainStoryboardFile = Main;
				INFOPLIST_KEY_UISupportedInterfaceOrientations_iPad = "UIInterfaceOrientationPortrait UIInterfaceOrientationPortraitUpsideDown UIInterfaceOrientationLandscapeLeft UIInterfaceOrientationLandscapeRight";
				INFOPLIST_KEY_UISupportedInterfaceOrientations_iPhone = "UIInterfaceOrientationPortrait UIInterfaceOrientationLandscapeLeft UIInterfaceOrientationLandscapeRight";
				LD_RUNPATH_SEARCH_PATHS = (
					"$(inherited)",
					"@executable_path/Frameworks",
				);
				MARKETING_VERSION = 1.0;
				PRODUCT_BUNDLE_IDENTIFIER = "com.dd.DD-iOS";
				PRODUCT_NAME = "$(TARGET_NAME)";
				SWIFT_EMIT_LOC_STRINGS = YES;
				SWIFT_VERSION = 5.0;
				TARGETED_DEVICE_FAMILY = "1,2";
			};
			name = Release;
		};
/* End XCBuildConfiguration section */

/* Begin XCConfigurationList section */
		F9C3D4C32AA6B7B6006931FF /* Build configuration list for PBXProject "DD-iOS" */ = {
			isa = XCConfigurationList;
			buildConfigurations = (
				F9C3D4DA2AA6B7B7006931FF /* Debug */,
				F9C3D4DB2AA6B7B7006931FF /* Release */,
			);
			defaultConfigurationIsVisible = 0;
			defaultConfigurationName = Release;
		};
		F9C3D4DC2AA6B7B7006931FF /* Build configuration list for PBXNativeTarget "DD-iOS" */ = {
			isa = XCConfigurationList;
			buildConfigurations = (
				F9C3D4DD2AA6B7B7006931FF /* Debug */,
				F9C3D4DE2AA6B7B7006931FF /* Release */,
			);
			defaultConfigurationIsVisible = 0;
			defaultConfigurationName = Release;
		};
/* End XCConfigurationList section */
	};
	rootObject = F9C3D4C02AA6B7B6006931FF /* Project object */;
}
